// !$*UTF8*$!
{
	archiveVersion = 1;
	classes = {
	};
	objectVersion = 50;
	objects = {

/* Begin PBXBuildFile section */
		065D68C423027AFA00481902 /* AppDelegate.swift in Sources */ = {isa = PBXBuildFile; fileRef = 065D68C323027AFA00481902 /* AppDelegate.swift */; };
		065D68C623027AFA00481902 /* ViewController.swift in Sources */ = {isa = PBXBuildFile; fileRef = 065D68C523027AFA00481902 /* ViewController.swift */; };
		065D68C923027AFA00481902 /* Main.storyboard in Resources */ = {isa = PBXBuildFile; fileRef = 065D68C723027AFA00481902 /* Main.storyboard */; };
		065D68CB23027B0300481902 /* Assets.xcassets in Resources */ = {isa = PBXBuildFile; fileRef = 065D68CA23027B0300481902 /* Assets.xcassets */; };
		065D68CE23027B0300481902 /* LaunchScreen.storyboard in Resources */ = {isa = PBXBuildFile; fileRef = 065D68CC23027B0300481902 /* LaunchScreen.storyboard */; };
		065D68D723027E7600481902 /* WebKit.framework in Frameworks */ = {isa = PBXBuildFile; fileRef = 065D68D623027E7600481902 /* WebKit.framework */; };
/* End PBXBuildFile section */

/* Begin PBXFileReference section */
		065D68C023027AFA00481902 /* HealthBlogs_Web.app */ = {isa = PBXFileReference; explicitFileType = wrapper.application; includeInIndex = 0; path = HealthBlogs_Web.app; sourceTree = BUILT_PRODUCTS_DIR; };
		065D68C323027AFA00481902 /* AppDelegate.swift */ = {isa = PBXFileReference; lastKnownFileType = sourcecode.swift; path = AppDelegate.swift; sourceTree = "<group>"; };
		065D68C523027AFA00481902 /* ViewController.swift */ = {isa = PBXFileReference; lastKnownFileType = sourcecode.swift; path = ViewController.swift; sourceTree = "<group>"; };
		065D68C823027AFA00481902 /* Base */ = {isa = PBXFileReference; lastKnownFileType = file.storyboard; name = Base; path = Base.lproj/Main.storyboard; sourceTree = "<group>"; };
		065D68CA23027B0300481902 /* Assets.xcassets */ = {isa = PBXFileReference; lastKnownFileType = folder.assetcatalog; path = Assets.xcassets; sourceTree = "<group>"; };
		065D68CD23027B0300481902 /* Base */ = {isa = PBXFileReference; lastKnownFileType = file.storyboard; name = Base; path = Base.lproj/LaunchScreen.storyboard; sourceTree = "<group>"; };
		065D68CF23027B0300481902 /* Info.plist */ = {isa = PBXFileReference; lastKnownFileType = text.plist.xml; path = Info.plist; sourceTree = "<group>"; };
		065D68D623027E7600481902 /* WebKit.framework */ = {isa = PBXFileReference; lastKnownFileType = wrapper.framework; name = WebKit.framework; path = System/Library/Frameworks/WebKit.framework; sourceTree = SDKROOT; };
/* End PBXFileReference section */

/* Begin PBXFrameworksBuildPhase section */
		065D68BD23027AFA00481902 /* Frameworks */ = {
			isa = PBXFrameworksBuildPhase;
			buildActionMask = 2147483647;
			files = (
				065D68D723027E7600481902 /* WebKit.framework in Frameworks */,
			);
			runOnlyForDeploymentPostprocessing = 0;
		};
/* End PBXFrameworksBuildPhase section */

/* Begin PBXGroup section */
		065D68B723027AF900481902 = {
			isa = PBXGroup;
			children = (
				065D68C223027AFA00481902 /* HealthBlogs_Web */,
				065D68C123027AFA00481902 /* Products */,
				065D68D523027E7600481902 /* Frameworks */,
			);
			sourceTree = "<group>";
		};
		065D68C123027AFA00481902 /* Products */ = {
			isa = PBXGroup;
			children = (
				065D68C023027AFA00481902 /* HealthBlogs_Web.app */,
			);
			name = Products;
			sourceTree = "<group>";
		};
		065D68C223027AFA00481902 /* HealthBlogs_Web */ = {
			isa = PBXGroup;
			children = (
				065D68C323027AFA00481902 /* AppDelegate.swift */,
				065D68C523027AFA00481902 /* ViewController.swift */,
				065D68C723027AFA00481902 /* Main.storyboard */,
				065D68CA23027B0300481902 /* Assets.xcassets */,
				065D68CC23027B0300481902 /* LaunchScreen.storyboard */,
				065D68CF23027B0300481902 /* Info.plist */,
			);
			path = HealthBlogs_Web;
			sourceTree = "<group>";
		};
		065D68D523027E7600481902 /* Frameworks */ = {
			isa = PBXGroup;
			children = (
				065D68D623027E7600481902 /* WebKit.framework */,
			);
			name = Frameworks;
			sourceTree = "<group>";
		};
/* End PBXGroup section */

/* Begin PBXNativeTarget section */
		065D68BF23027AFA00481902 /* HealthBlogs_Web */ = {
			isa = PBXNativeTarget;
			buildConfigurationList = 065D68D223027B0300481902 /* Build configuration list for PBXNativeTarget "HealthBlogs_Web" */;
			buildPhases = (
				065D68BC23027AFA00481902 /* Sources */,
				065D68BD23027AFA00481902 /* Frameworks */,
				065D68BE23027AFA00481902 /* Resources */,
			);
			buildRules = (
			);
			dependencies = (
			);
			name = HealthBlogs_Web;
			productName = HealthBlogs_Web;
			productReference = 065D68C023027AFA00481902 /* HealthBlogs_Web.app */;
			productType = "com.apple.product-type.application";
		};
/* End PBXNativeTarget section */

/* Begin PBXProject section */
		065D68B823027AF900481902 /* Project object */ = {
			isa = PBXProject;
			attributes = {
				LastSwiftUpdateCheck = 1030;
				LastUpgradeCheck = 1030;
				ORGANIZATIONNAME = "Mallikarjun H";
				TargetAttributes = {
					065D68BF23027AFA00481902 = {
						CreatedOnToolsVersion = 10.3;
					};
				};
			};
			buildConfigurationList = 065D68BB23027AF900481902 /* Build configuration list for PBXProject "HealthBlogs_Web" */;
			compatibilityVersion = "Xcode 9.3";
			developmentRegion = en;
			hasScannedForEncodings = 0;
			knownRegions = (
				en,
				Base,
			);
			mainGroup = 065D68B723027AF900481902;
			productRefGroup = 065D68C123027AFA00481902 /* Products */;
			projectDirPath = "";
			projectRoot = "";
			targets = (
				065D68BF23027AFA00481902 /* HealthBlogs_Web */,
			);
		};
/* End PBXProject section */

/* Begin PBXResourcesBuildPhase section */
		065D68BE23027AFA00481902 /* Resources */ = {
			isa = PBXResourcesBuildPhase;
			buildActionMask = 2147483647;
			files = (
				065D68CE23027B0300481902 /* LaunchScreen.storyboard in Resources */,
				065D68CB23027B0300481902 /* Assets.xcassets in Resources */,
				065D68C923027AFA00481902 /* Main.storyboard in Resources */,
			);
			runOnlyForDeploymentPostprocessing = 0;
		};
/* End PBXResourcesBuildPhase section */

/* Begin PBXSourcesBuildPhase section */
		065D68BC23027AFA00481902 /* Sources */ = {
			isa = PBXSourcesBuildPhase;
			buildActionMask = 2147483647;
			files = (
				065D68C623027AFA00481902 /* ViewController.swift in Sources */,
				065D68C423027AFA00481902 /* AppDelegate.swift in Sources */,
			);
			runOnlyForDeploymentPostprocessing = 0;
		};
/* End PBXSourcesBuildPhase section */

/* Begin PBXVariantGroup section */
		065D68C723027AFA00481902 /* Main.storyboard */ = {
			isa = PBXVariantGroup;
			children = (
				065D68C823027AFA00481902 /* Base */,
			);
			name = Main.storyboard;
			sourceTree = "<group>";
		};
		065D68CC23027B0300481902 /* LaunchScreen.storyboard */ = {
			isa = PBXVariantGroup;
			children = (
				065D68CD23027B0300481902 /* Base */,
			);
			name = LaunchScreen.storyboard;
			sourceTree = "<group>";
		};
/* End PBXVariantGroup section */

/* Begin XCBuildConfiguration section */
		065D68D023027B0300481902 /* Debug */ = {
			isa = XCBuildConfiguration;
			buildSettings = {
				ALWAYS_SEARCH_USER_PATHS = NO;
				CLANG_ANALYZER_NONNULL = YES;
				CLANG_ANALYZER_NUMBER_OBJECT_CONVERSION = YES_AGGRESSIVE;
				CLANG_CXX_LANGUAGE_STANDARD = "gnu++14";
				CLANG_CXX_LIBRARY = "libc++";
				CLANG_ENABLE_MODULES = YES;
				CLANG_ENABLE_OBJC_ARC = YES;
				CLANG_ENABLE_OBJC_WEAK = YES;
				CLANG_WARN_BLOCK_CAPTURE_AUTORELEASING = YES;
				CLANG_WARN_BOOL_CONVERSION = YES;
				CLANG_WARN_COMMA = YES;
				CLANG_WARN_CONSTANT_CONVERSION = YES;
				CLANG_WARN_DEPRECATED_OBJC_IMPLEMENTATIONS = YES;
				CLANG_WARN_DIRECT_OBJC_ISA_USAGE = YES_ERROR;
				CLANG_WARN_DOCUMENTATION_COMMENTS = YES;
				CLANG_WARN_EMPTY_BODY = YES;
				CLANG_WARN_ENUM_CONVERSION = YES;
				CLANG_WARN_INFINITE_RECURSION = YES;
				CLANG_WARN_INT_CONVERSION = YES;
				CLANG_WARN_NON_LITERAL_NULL_CONVERSION = YES;
				CLANG_WARN_OBJC_IMPLICIT_RETAIN_SELF = YES;
				CLANG_WARN_OBJC_LITERAL_CONVERSION = YES;
				CLANG_WARN_OBJC_ROOT_CLASS = YES_ERROR;
				CLANG_WARN_RANGE_LOOP_ANALYSIS = YES;
				CLANG_WARN_STRICT_PROTOTYPES = YES;
				CLANG_WARN_SUSPICIOUS_MOVE = YES;
				CLANG_WARN_UNGUARDED_AVAILABILITY = YES_AGGRESSIVE;
				CLANG_WARN_UNREACHABLE_CODE = YES;
				CLANG_WARN__DUPLICATE_METHOD_MATCH = YES;
				CODE_SIGN_IDENTITY = "iPhone Developer";
				COPY_PHASE_STRIP = NO;
				DEBUG_INFORMATION_FORMAT = dwarf;
				ENABLE_STRICT_OBJC_MSGSEND = YES;
				ENABLE_TESTABILITY = YES;
				GCC_C_LANGUAGE_STANDARD = gnu11;
				GCC_DYNAMIC_NO_PIC = NO;
				GCC_NO_COMMON_BLOCKS = YES;
				GCC_OPTIMIZATION_LEVEL = 0;
				GCC_PREPROCESSOR_DEFINITIONS = (
					"DEBUG=1",
					"$(inherited)",
				);
				GCC_WARN_64_TO_32_BIT_CONVERSION = YES;
				GCC_WARN_ABOUT_RETURN_TYPE = YES_ERROR;
				GCC_WARN_UNDECLARED_SELECTOR = YES;
				GCC_WARN_UNINITIALIZED_AUTOS = YES_AGGRESSIVE;
				GCC_WARN_UNUSED_FUNCTION = YES;
				GCC_WARN_UNUSED_VARIABLE = YES;
				IPHONEOS_DEPLOYMENT_TARGET = 12.4;
				MTL_ENABLE_DEBUG_INFO = INCLUDE_SOURCE;
				MTL_FAST_MATH = YES;
				ONLY_ACTIVE_ARCH = YES;
				SDKROOT = iphoneos;
				SWIFT_ACTIVE_COMPILATION_CONDITIONS = DEBUG;
				SWIFT_OPTIMIZATION_LEVEL = "-Onone";
			};
			name = Debug;
		};
		065D68D123027B0300481902 /* Release */ = {
			isa = XCBuildConfiguration;
			buildSettings = {
				ALWAYS_SEARCH_USER_PATHS = NO;
				CLANG_ANALYZER_NONNULL = YES;
				CLANG_ANALYZER_NUMBER_OBJECT_CONVERSION = YES_AGGRESSIVE;
				CLANG_CXX_LANGUAGE_STANDARD = "gnu++14";
				CLANG_CXX_LIBRARY = "libc++";
				CLANG_ENABLE_MODULES = YES;
				CLANG_ENABLE_OBJC_ARC = YES;
				CLANG_ENABLE_OBJC_WEAK = YES;
				CLANG_WARN_BLOCK_CAPTURE_AUTORELEASING = YES;
				CLANG_WARN_BOOL_CONVERSION = YES;
				CLANG_WARN_COMMA = YES;
				CLANG_WARN_CONSTANT_CONVERSION = YES;
				CLANG_WARN_DEPRECATED_OBJC_IMPLEMENTATIONS = YES;
				CLANG_WARN_DIRECT_OBJC_ISA_USAGE = YES_ERROR;
				CLANG_WARN_DOCUMENTATION_COMMENTS = YES;
				CLANG_WARN_EMPTY_BODY = YES;
				CLANG_WARN_ENUM_CONVERSION = YES;
				CLANG_WARN_INFINITE_RECURSION = YES;
				CLANG_WARN_INT_CONVERSION = YES;
				CLANG_WARN_NON_LITERAL_NULL_CONVERSION = YES;
				CLANG_WARN_OBJC_IMPLICIT_RETAIN_SELF = YES;
				CLANG_WARN_OBJC_LITERAL_CONVERSION = YES;
				CLANG_WARN_OBJC_ROOT_CLASS = YES_ERROR;
				CLANG_WARN_RANGE_LOOP_ANALYSIS = YES;
				CLANG_WARN_STRICT_PROTOTYPES = YES;
				CLANG_WARN_SUSPICIOUS_MOVE = YES;
				CLANG_WARN_UNGUARDED_AVAILABILITY = YES_AGGRESSIVE;
				CLANG_WARN_UNREACHABLE_CODE = YES;
				CLANG_WARN__DUPLICATE_METHOD_MATCH = YES;
				CODE_SIGN_IDENTITY = "iPhone Developer";
				COPY_PHASE_STRIP = NO;
				DEBUG_INFORMATION_FORMAT = "dwarf-with-dsym";
				ENABLE_NS_ASSERTIONS = NO;
				ENABLE_STRICT_OBJC_MSGSEND = YES;
				GCC_C_LANGUAGE_STANDARD = gnu11;
				GCC_NO_COMMON_BLOCKS = YES;
				GCC_WARN_64_TO_32_BIT_CONVERSION = YES;
				GCC_WARN_ABOUT_RETURN_TYPE = YES_ERROR;
				GCC_WARN_UNDECLARED_SELECTOR = YES;
				GCC_WARN_UNINITIALIZED_AUTOS = YES_AGGRESSIVE;
				GCC_WARN_UNUSED_FUNCTION = YES;
				GCC_WARN_UNUSED_VARIABLE = YES;
				IPHONEOS_DEPLOYMENT_TARGET = 12.4;
				MTL_ENABLE_DEBUG_INFO = NO;
				MTL_FAST_MATH = YES;
				SDKROOT = iphoneos;
				SWIFT_COMPILATION_MODE = wholemodule;
				SWIFT_OPTIMIZATION_LEVEL = "-O";
				VALIDATE_PRODUCT = YES;
			};
			name = Release;
		};
		065D68D323027B0300481902 /* Debug */ = {
			isa = XCBuildConfiguration;
			buildSettings = {
				ASSETCATALOG_COMPILER_APPICON_NAME = AppIcon;
				CODE_SIGN_STYLE = Automatic;
				DEVELOPMENT_TEAM = 9HVHM5PPH2;
				INFOPLIST_FILE = HealthBlogs_Web/Info.plist;
				LD_RUNPATH_SEARCH_PATHS = (
					"$(inherited)",
					"@executable_path/Frameworks",
				);
				PRODUCT_BUNDLE_IDENTIFIER = "TestExamples.HealthBlogs-Web";
				PRODUCT_NAME = "$(TARGET_NAME)";
				SWIFT_VERSION = 5.0;
				TARGETED_DEVICE_FAMILY = "1,2";
			};
			name = Debug;
		};
		065D68D423027B0300481902 /* Release */ = {
			isa = XCBuildConfiguration;
			buildSettings = {
				ASSETCATALOG_COMPILER_APPICON_NAME = AppIcon;
				CODE_SIGN_STYLE = Automatic;
				DEVELOPMENT_TEAM = 9HVHM5PPH2;
				INFOPLIST_FILE = HealthBlogs_Web/Info.plist;
				LD_RUNPATH_SEARCH_PATHS = (
					"$(inherited)",
					"@executable_path/Frameworks",
				);
				PRODUCT_BUNDLE_IDENTIFIER = "TestExamples.HealthBlogs-Web";
				PRODUCT_NAME = "$(TARGET_NAME)";
				SWIFT_VERSION = 5.0;
				TARGETED_DEVICE_FAMILY = "1,2";
			};
			name = Release;
		};
/* End XCBuildConfiguration section */

/* Begin XCConfigurationList section */
		065D68BB23027AF900481902 /* Build configuration list for PBXProject "HealthBlogs_Web" */ = {
			isa = XCConfigurationList;
			buildConfigurations = (
				065D68D023027B0300481902 /* Debug */,
				065D68D123027B0300481902 /* Release */,
			);
			defaultConfigurationIsVisible = 0;
			defaultConfigurationName = Release;
		};
		065D68D223027B0300481902 /* Build configuration list for PBXNativeTarget "HealthBlogs_Web" */ = {
			isa = XCConfigurationList;
			buildConfigurations = (
				065D68D323027B0300481902 /* Debug */,
				065D68D423027B0300481902 /* Release */,
			);
			defaultConfigurationIsVisible = 0;
			defaultConfigurationName = Release;
		};
/* End XCConfigurationList section */
	};
	rootObject = 065D68B823027AF900481902 /* Project object */;
}
