// !$*UTF8*$!
{
	archiveVersion = 1;
	classes = {
	};
	objectVersion = 50;
	objects = {

/* Begin PBXBuildFile section */
		C1BA2012260C9D8E007C3E14 /* AppDelegate.swift in Sources */ = {isa = PBXBuildFile; fileRef = C1BA2011260C9D8E007C3E14 /* AppDelegate.swift */; };
		C1BA2014260C9D8E007C3E14 /* SceneDelegate.swift in Sources */ = {isa = PBXBuildFile; fileRef = C1BA2013260C9D8E007C3E14 /* SceneDelegate.swift */; };
		C1BA2016260C9D8E007C3E14 /* ViewController.swift in Sources */ = {isa = PBXBuildFile; fileRef = C1BA2015260C9D8E007C3E14 /* ViewController.swift */; };
		C1BA2019260C9D8E007C3E14 /* Main.storyboard in Resources */ = {isa = PBXBuildFile; fileRef = C1BA2017260C9D8E007C3E14 /* Main.storyboard */; };
		C1BA201B260C9D99007C3E14 /* Assets.xcassets in Resources */ = {isa = PBXBuildFile; fileRef = C1BA201A260C9D99007C3E14 /* Assets.xcassets */; };
		C1BA201E260C9D99007C3E14 /* LaunchScreen.storyboard in Resources */ = {isa = PBXBuildFile; fileRef = C1BA201C260C9D99007C3E14 /* LaunchScreen.storyboard */; };
		C1BA2028260CA019007C3E14 /* NewMyAddaCreatePopUp.swift in Sources */ = {isa = PBXBuildFile; fileRef = C1BA2026260CA019007C3E14 /* NewMyAddaCreatePopUp.swift */; };
		C1BA2029260CA019007C3E14 /* NewMyAddaCreatePopUp.xib in Resources */ = {isa = PBXBuildFile; fileRef = C1BA2027260CA019007C3E14 /* NewMyAddaCreatePopUp.xib */; };
/* End PBXBuildFile section */

/* Begin PBXFileReference section */
		C1BA200E260C9D8E007C3E14 /* CustomPopUpExample.app */ = {isa = PBXFileReference; explicitFileType = wrapper.application; includeInIndex = 0; path = CustomPopUpExample.app; sourceTree = BUILT_PRODUCTS_DIR; };
		C1BA2011260C9D8E007C3E14 /* AppDelegate.swift */ = {isa = PBXFileReference; lastKnownFileType = sourcecode.swift; path = AppDelegate.swift; sourceTree = "<group>"; };
		C1BA2013260C9D8E007C3E14 /* SceneDelegate.swift */ = {isa = PBXFileReference; lastKnownFileType = sourcecode.swift; path = SceneDelegate.swift; sourceTree = "<group>"; };
		C1BA2015260C9D8E007C3E14 /* ViewController.swift */ = {isa = PBXFileReference; lastKnownFileType = sourcecode.swift; path = ViewController.swift; sourceTree = "<group>"; };
		C1BA2018260C9D8E007C3E14 /* Base */ = {isa = PBXFileReference; lastKnownFileType = file.storyboard; name = Base; path = Base.lproj/Main.storyboard; sourceTree = "<group>"; };
		C1BA201A260C9D99007C3E14 /* Assets.xcassets */ = {isa = PBXFileReference; lastKnownFileType = folder.assetcatalog; path = Assets.xcassets; sourceTree = "<group>"; };
		C1BA201D260C9D99007C3E14 /* Base */ = {isa = PBXFileReference; lastKnownFileType = file.storyboard; name = Base; path = Base.lproj/LaunchScreen.storyboard; sourceTree = "<group>"; };
		C1BA201F260C9D99007C3E14 /* Info.plist */ = {isa = PBXFileReference; lastKnownFileType = text.plist.xml; path = Info.plist; sourceTree = "<group>"; };
		C1BA2026260CA019007C3E14 /* NewMyAddaCreatePopUp.swift */ = {isa = PBXFileReference; fileEncoding = 4; lastKnownFileType = sourcecode.swift; path = NewMyAddaCreatePopUp.swift; sourceTree = "<group>"; };
		C1BA2027260CA019007C3E14 /* NewMyAddaCreatePopUp.xib */ = {isa = PBXFileReference; fileEncoding = 4; lastKnownFileType = file.xib; path = NewMyAddaCreatePopUp.xib; sourceTree = "<group>"; };
/* End PBXFileReference section */

/* Begin PBXFrameworksBuildPhase section */
		C1BA200B260C9D8E007C3E14 /* Frameworks */ = {
			isa = PBXFrameworksBuildPhase;
			buildActionMask = 2147483647;
			files = (
			);
			runOnlyForDeploymentPostprocessing = 0;
		};
/* End PBXFrameworksBuildPhase section */

/* Begin PBXGroup section */
		C1BA2005260C9D8E007C3E14 = {
			isa = PBXGroup;
			children = (
				C1BA2010260C9D8E007C3E14 /* CustomPopUpExample */,
				C1BA200F260C9D8E007C3E14 /* Products */,
			);
			sourceTree = "<group>";
		};
		C1BA200F260C9D8E007C3E14 /* Products */ = {
			isa = PBXGroup;
			children = (
				C1BA200E260C9D8E007C3E14 /* CustomPopUpExample.app */,
			);
			name = Products;
			sourceTree = "<group>";
		};
		C1BA2010260C9D8E007C3E14 /* CustomPopUpExample */ = {
			isa = PBXGroup;
			children = (
				C1BA202B260CA02A007C3E14 /* PopUp */,
				C1BA2011260C9D8E007C3E14 /* AppDelegate.swift */,
				C1BA2013260C9D8E007C3E14 /* SceneDelegate.swift */,
				C1BA2015260C9D8E007C3E14 /* ViewController.swift */,
				C1BA2017260C9D8E007C3E14 /* Main.storyboard */,
				C1BA201A260C9D99007C3E14 /* Assets.xcassets */,
				C1BA201C260C9D99007C3E14 /* LaunchScreen.storyboard */,
				C1BA201F260C9D99007C3E14 /* Info.plist */,
			);
			path = CustomPopUpExample;
			sourceTree = "<group>";
		};
		C1BA202B260CA02A007C3E14 /* PopUp */ = {
			isa = PBXGroup;
			children = (
				C1BA2026260CA019007C3E14 /* NewMyAddaCreatePopUp.swift */,
				C1BA2027260CA019007C3E14 /* NewMyAddaCreatePopUp.xib */,
			);
			path = PopUp;
			sourceTree = "<group>";
		};
/* End PBXGroup section */

/* Begin PBXNativeTarget section */
		C1BA200D260C9D8E007C3E14 /* CustomPopUpExample */ = {
			isa = PBXNativeTarget;
			buildConfigurationList = C1BA2022260C9D99007C3E14 /* Build configuration list for PBXNativeTarget "CustomPopUpExample" */;
			buildPhases = (
				C1BA200A260C9D8E007C3E14 /* Sources */,
				C1BA200B260C9D8E007C3E14 /* Frameworks */,
				C1BA200C260C9D8E007C3E14 /* Resources */,
			);
			buildRules = (
			);
			dependencies = (
			);
			name = CustomPopUpExample;
			productName = CustomPopUpExample;
			productReference = C1BA200E260C9D8E007C3E14 /* CustomPopUpExample.app */;
			productType = "com.apple.product-type.application";
		};
/* End PBXNativeTarget section */

/* Begin PBXProject section */
		C1BA2006260C9D8E007C3E14 /* Project object */ = {
			isa = PBXProject;
			attributes = {
				LastSwiftUpdateCheck = 1240;
				LastUpgradeCheck = 1240;
				TargetAttributes = {
					C1BA200D260C9D8E007C3E14 = {
						CreatedOnToolsVersion = 12.4;
					};
				};
			};
			buildConfigurationList = C1BA2009260C9D8E007C3E14 /* Build configuration list for PBXProject "CustomPopUpExample" */;
			compatibilityVersion = "Xcode 9.3";
			developmentRegion = en;
			hasScannedForEncodings = 0;
			knownRegions = (
				en,
				Base,
			);
			mainGroup = C1BA2005260C9D8E007C3E14;
			productRefGroup = C1BA200F260C9D8E007C3E14 /* Products */;
			projectDirPath = "";
			projectRoot = "";
			targets = (
				C1BA200D260C9D8E007C3E14 /* CustomPopUpExample */,
			);
		};
/* End PBXProject section */

/* Begin PBXResourcesBuildPhase section */
		C1BA200C260C9D8E007C3E14 /* Resources */ = {
			isa = PBXResourcesBuildPhase;
			buildActionMask = 2147483647;
			files = (
				C1BA201E260C9D99007C3E14 /* LaunchScreen.storyboard in Resources */,
				C1BA201B260C9D99007C3E14 /* Assets.xcassets in Resources */,
				C1BA2019260C9D8E007C3E14 /* Main.storyboard in Resources */,
				C1BA2029260CA019007C3E14 /* NewMyAddaCreatePopUp.xib in Resources */,
			);
			runOnlyForDeploymentPostprocessing = 0;
		};
/* End PBXResourcesBuildPhase section */

/* Begin PBXSourcesBuildPhase section */
		C1BA200A260C9D8E007C3E14 /* Sources */ = {
			isa = PBXSourcesBuildPhase;
			buildActionMask = 2147483647;
			files = (
				C1BA2016260C9D8E007C3E14 /* ViewController.swift in Sources */,
				C1BA2012260C9D8E007C3E14 /* AppDelegate.swift in Sources */,
				C1BA2014260C9D8E007C3E14 /* SceneDelegate.swift in Sources */,
				C1BA2028260CA019007C3E14 /* NewMyAddaCreatePopUp.swift in Sources */,
			);
			runOnlyForDeploymentPostprocessing = 0;
		};
/* End PBXSourcesBuildPhase section */

/* Begin PBXVariantGroup section */
		C1BA2017260C9D8E007C3E14 /* Main.storyboard */ = {
			isa = PBXVariantGroup;
			children = (
				C1BA2018260C9D8E007C3E14 /* Base */,
			);
			name = Main.storyboard;
			sourceTree = "<group>";
		};
		C1BA201C260C9D99007C3E14 /* LaunchScreen.storyboard */ = {
			isa = PBXVariantGroup;
			children = (
				C1BA201D260C9D99007C3E14 /* Base */,
			);
			name = LaunchScreen.storyboard;
			sourceTree = "<group>";
		};
/* End PBXVariantGroup section */

/* Begin XCBuildConfiguration section */
		C1BA2020260C9D99007C3E14 /* Debug */ = {
			isa = XCBuildConfiguration;
			buildSettings = {
				ALWAYS_SEARCH_USER_PATHS = NO;
				CLANG_ANALYZER_NONNULL = YES;
				CLANG_ANALYZER_NUMBER_OBJECT_CONVERSION = YES_AGGRESSIVE;
				CLANG_CXX_LANGUAGE_STANDARD = "gnu++14";
				CLANG_CXX_LIBRARY = "libc++";
				CLANG_ENABLE_MODULES = YES;
				CLANG_ENABLE_OBJC_ARC = YES;
				CLANG_ENABLE_OBJC_WEAK = YES;
				CLANG_WARN_BLOCK_CAPTURE_AUTORELEASING = YES;
				CLANG_WARN_BOOL_CONVERSION = YES;
				CLANG_WARN_COMMA = YES;
				CLANG_WARN_CONSTANT_CONVERSION = YES;
				CLANG_WARN_DEPRECATED_OBJC_IMPLEMENTATIONS = YES;
				CLANG_WARN_DIRECT_OBJC_ISA_USAGE = YES_ERROR;
				CLANG_WARN_DOCUMENTATION_COMMENTS = YES;
				CLANG_WARN_EMPTY_BODY = YES;
				CLANG_WARN_ENUM_CONVERSION = YES;
				CLANG_WARN_INFINITE_RECURSION = YES;
				CLANG_WARN_INT_CONVERSION = YES;
				CLANG_WARN_NON_LITERAL_NULL_CONVERSION = YES;
				CLANG_WARN_OBJC_IMPLICIT_RETAIN_SELF = YES;
				CLANG_WARN_OBJC_LITERAL_CONVERSION = YES;
				CLANG_WARN_OBJC_ROOT_CLASS = YES_ERROR;
				CLANG_WARN_QUOTED_INCLUDE_IN_FRAMEWORK_HEADER = YES;
				CLANG_WARN_RANGE_LOOP_ANALYSIS = YES;
				CLANG_WARN_STRICT_PROTOTYPES = YES;
				CLANG_WARN_SUSPICIOUS_MOVE = YES;
				CLANG_WARN_UNGUARDED_AVAILABILITY = YES_AGGRESSIVE;
				CLANG_WARN_UNREACHABLE_CODE = YES;
				CLANG_WARN__DUPLICATE_METHOD_MATCH = YES;
				COPY_PHASE_STRIP = NO;
				DEBUG_INFORMATION_FORMAT = dwarf;
				ENABLE_STRICT_OBJC_MSGSEND = YES;
				ENABLE_TESTABILITY = YES;
				GCC_C_LANGUAGE_STANDARD = gnu11;
				GCC_DYNAMIC_NO_PIC = NO;
				GCC_NO_COMMON_BLOCKS = YES;
				GCC_OPTIMIZATION_LEVEL = 0;
				GCC_PREPROCESSOR_DEFINITIONS = (
					"DEBUG=1",
					"$(inherited)",
				);
				GCC_WARN_64_TO_32_BIT_CONVERSION = YES;
				GCC_WARN_ABOUT_RETURN_TYPE = YES_ERROR;
				GCC_WARN_UNDECLARED_SELECTOR = YES;
				GCC_WARN_UNINITIALIZED_AUTOS = YES_AGGRESSIVE;
				GCC_WARN_UNUSED_FUNCTION = YES;
				GCC_WARN_UNUSED_VARIABLE = YES;
				IPHONEOS_DEPLOYMENT_TARGET = 14.4;
				MTL_ENABLE_DEBUG_INFO = INCLUDE_SOURCE;
				MTL_FAST_MATH = YES;
				ONLY_ACTIVE_ARCH = YES;
				SDKROOT = iphoneos;
				SWIFT_ACTIVE_COMPILATION_CONDITIONS = DEBUG;
				SWIFT_OPTIMIZATION_LEVEL = "-Onone";
			};
			name = Debug;
		};
		C1BA2021260C9D99007C3E14 /* Release */ = {
			isa = XCBuildConfiguration;
			buildSettings = {
				ALWAYS_SEARCH_USER_PATHS = NO;
				CLANG_ANALYZER_NONNULL = YES;
				CLANG_ANALYZER_NUMBER_OBJECT_CONVERSION = YES_AGGRESSIVE;
				CLANG_CXX_LANGUAGE_STANDARD = "gnu++14";
				CLANG_CXX_LIBRARY = "libc++";
				CLANG_ENABLE_MODULES = YES;
				CLANG_ENABLE_OBJC_ARC = YES;
				CLANG_ENABLE_OBJC_WEAK = YES;
				CLANG_WARN_BLOCK_CAPTURE_AUTORELEASING = YES;
				CLANG_WARN_BOOL_CONVERSION = YES;
				CLANG_WARN_COMMA = YES;
				CLANG_WARN_CONSTANT_CONVERSION = YES;
				CLANG_WARN_DEPRECATED_OBJC_IMPLEMENTATIONS = YES;
				CLANG_WARN_DIRECT_OBJC_ISA_USAGE = YES_ERROR;
				CLANG_WARN_DOCUMENTATION_COMMENTS = YES;
				CLANG_WARN_EMPTY_BODY = YES;
				CLANG_WARN_ENUM_CONVERSION = YES;
				CLANG_WARN_INFINITE_RECURSION = YES;
				CLANG_WARN_INT_CONVERSION = YES;
				CLANG_WARN_NON_LITERAL_NULL_CONVERSION = YES;
				CLANG_WARN_OBJC_IMPLICIT_RETAIN_SELF = YES;
				CLANG_WARN_OBJC_LITERAL_CONVERSION = YES;
				CLANG_WARN_OBJC_ROOT_CLASS = YES_ERROR;
				CLANG_WARN_QUOTED_INCLUDE_IN_FRAMEWORK_HEADER = YES;
				CLANG_WARN_RANGE_LOOP_ANALYSIS = YES;
				CLANG_WARN_STRICT_PROTOTYPES = YES;
				CLANG_WARN_SUSPICIOUS_MOVE = YES;
				CLANG_WARN_UNGUARDED_AVAILABILITY = YES_AGGRESSIVE;
				CLANG_WARN_UNREACHABLE_CODE = YES;
				CLANG_WARN__DUPLICATE_METHOD_MATCH = YES;
				COPY_PHASE_STRIP = NO;
				DEBUG_INFORMATION_FORMAT = "dwarf-with-dsym";
				ENABLE_NS_ASSERTIONS = NO;
				ENABLE_STRICT_OBJC_MSGSEND = YES;
				GCC_C_LANGUAGE_STANDARD = gnu11;
				GCC_NO_COMMON_BLOCKS = YES;
				GCC_WARN_64_TO_32_BIT_CONVERSION = YES;
				GCC_WARN_ABOUT_RETURN_TYPE = YES_ERROR;
				GCC_WARN_UNDECLARED_SELECTOR = YES;
				GCC_WARN_UNINITIALIZED_AUTOS = YES_AGGRESSIVE;
				GCC_WARN_UNUSED_FUNCTION = YES;
				GCC_WARN_UNUSED_VARIABLE = YES;
				IPHONEOS_DEPLOYMENT_TARGET = 14.4;
				MTL_ENABLE_DEBUG_INFO = NO;
				MTL_FAST_MATH = YES;
				SDKROOT = iphoneos;
				SWIFT_COMPILATION_MODE = wholemodule;
				SWIFT_OPTIMIZATION_LEVEL = "-O";
				VALIDATE_PRODUCT = YES;
			};
			name = Release;
		};
		C1BA2023260C9D99007C3E14 /* Debug */ = {
			isa = XCBuildConfiguration;
			buildSettings = {
				ASSETCATALOG_COMPILER_APPICON_NAME = AppIcon;
				ASSETCATALOG_COMPILER_GLOBAL_ACCENT_COLOR_NAME = AccentColor;
				CODE_SIGN_STYLE = Automatic;
				DEVELOPMENT_TEAM = LR4QG85CZD;
				INFOPLIST_FILE = CustomPopUpExample/Info.plist;
				LD_RUNPATH_SEARCH_PATHS = (
					"$(inherited)",
					"@executable_path/Frameworks",
				);
				PRODUCT_BUNDLE_IDENTIFIER = mallikarjun.CustomPopUpExample;
				PRODUCT_NAME = "$(TARGET_NAME)";
				SWIFT_VERSION = 5.0;
				TARGETED_DEVICE_FAMILY = "1,2";
			};
			name = Debug;
		};
		C1BA2024260C9D99007C3E14 /* Release */ = {
			isa = XCBuildConfiguration;
			buildSettings = {
				ASSETCATALOG_COMPILER_APPICON_NAME = AppIcon;
				ASSETCATALOG_COMPILER_GLOBAL_ACCENT_COLOR_NAME = AccentColor;
				CODE_SIGN_STYLE = Automatic;
				DEVELOPMENT_TEAM = LR4QG85CZD;
				INFOPLIST_FILE = CustomPopUpExample/Info.plist;
				LD_RUNPATH_SEARCH_PATHS = (
					"$(inherited)",
					"@executable_path/Frameworks",
				);
				PRODUCT_BUNDLE_IDENTIFIER = mallikarjun.CustomPopUpExample;
				PRODUCT_NAME = "$(TARGET_NAME)";
				SWIFT_VERSION = 5.0;
				TARGETED_DEVICE_FAMILY = "1,2";
			};
			name = Release;
		};
/* End XCBuildConfiguration section */

/* Begin XCConfigurationList section */
		C1BA2009260C9D8E007C3E14 /* Build configuration list for PBXProject "CustomPopUpExample" */ = {
			isa = XCConfigurationList;
			buildConfigurations = (
				C1BA2020260C9D99007C3E14 /* Debug */,
				C1BA2021260C9D99007C3E14 /* Release */,
			);
			defaultConfigurationIsVisible = 0;
			defaultConfigurationName = Release;
		};
		C1BA2022260C9D99007C3E14 /* Build configuration list for PBXNativeTarget "CustomPopUpExample" */ = {
			isa = XCConfigurationList;
			buildConfigurations = (
				C1BA2023260C9D99007C3E14 /* Debug */,
				C1BA2024260C9D99007C3E14 /* Release */,
			);
			defaultConfigurationIsVisible = 0;
			defaultConfigurationName = Release;
		};
/* End XCConfigurationList section */
	};
	rootObject = C1BA2006260C9D8E007C3E14 /* Project object */;
}
