// !$*UTF8*$!
{
	archiveVersion = 1;
	classes = {
	};
	objectVersion = 50;
	objects = {

/* Begin PBXBuildFile section */
		060BA288230E6F1D00BF8E9E /* AppDelegate.swift in Sources */ = {isa = PBXBuildFile; fileRef = 060BA287230E6F1D00BF8E9E /* AppDelegate.swift */; };
		060BA28A230E6F1D00BF8E9E /* ViewController.swift in Sources */ = {isa = PBXBuildFile; fileRef = 060BA289230E6F1D00BF8E9E /* ViewController.swift */; };
		060BA28D230E6F1D00BF8E9E /* Main.storyboard in Resources */ = {isa = PBXBuildFile; fileRef = 060BA28B230E6F1D00BF8E9E /* Main.storyboard */; };
		060BA28F230E6F3400BF8E9E /* Assets.xcassets in Resources */ = {isa = PBXBuildFile; fileRef = 060BA28E230E6F3400BF8E9E /* Assets.xcassets */; };
		060BA292230E6F3400BF8E9E /* LaunchScreen.storyboard in Resources */ = {isa = PBXBuildFile; fileRef = 060BA290230E6F3400BF8E9E /* LaunchScreen.storyboard */; };
/* End PBXBuildFile section */

/* Begin PBXFileReference section */
		060BA284230E6F1D00BF8E9E /* DownloadImageFrom_URL.app */ = {isa = PBXFileReference; explicitFileType = wrapper.application; includeInIndex = 0; path = DownloadImageFrom_URL.app; sourceTree = BUILT_PRODUCTS_DIR; };
		060BA287230E6F1D00BF8E9E /* AppDelegate.swift */ = {isa = PBXFileReference; lastKnownFileType = sourcecode.swift; path = AppDelegate.swift; sourceTree = "<group>"; };
		060BA289230E6F1D00BF8E9E /* ViewController.swift */ = {isa = PBXFileReference; lastKnownFileType = sourcecode.swift; path = ViewController.swift; sourceTree = "<group>"; };
		060BA28C230E6F1D00BF8E9E /* Base */ = {isa = PBXFileReference; lastKnownFileType = file.storyboard; name = Base; path = Base.lproj/Main.storyboard; sourceTree = "<group>"; };
		060BA28E230E6F3400BF8E9E /* Assets.xcassets */ = {isa = PBXFileReference; lastKnownFileType = folder.assetcatalog; path = Assets.xcassets; sourceTree = "<group>"; };
		060BA291230E6F3400BF8E9E /* Base */ = {isa = PBXFileReference; lastKnownFileType = file.storyboard; name = Base; path = Base.lproj/LaunchScreen.storyboard; sourceTree = "<group>"; };
		060BA293230E6F3400BF8E9E /* Info.plist */ = {isa = PBXFileReference; lastKnownFileType = text.plist.xml; path = Info.plist; sourceTree = "<group>"; };
/* End PBXFileReference section */

/* Begin PBXFrameworksBuildPhase section */
		060BA281230E6F1D00BF8E9E /* Frameworks */ = {
			isa = PBXFrameworksBuildPhase;
			buildActionMask = 2147483647;
			files = (
			);
			runOnlyForDeploymentPostprocessing = 0;
		};
/* End PBXFrameworksBuildPhase section */

/* Begin PBXGroup section */
		060BA27B230E6F1C00BF8E9E = {
			isa = PBXGroup;
			children = (
				060BA286230E6F1D00BF8E9E /* DownloadImageFrom_URL */,
				060BA285230E6F1D00BF8E9E /* Products */,
			);
			sourceTree = "<group>";
		};
		060BA285230E6F1D00BF8E9E /* Products */ = {
			isa = PBXGroup;
			children = (
				060BA284230E6F1D00BF8E9E /* DownloadImageFrom_URL.app */,
			);
			name = Products;
			sourceTree = "<group>";
		};
		060BA286230E6F1D00BF8E9E /* DownloadImageFrom_URL */ = {
			isa = PBXGroup;
			children = (
				060BA287230E6F1D00BF8E9E /* AppDelegate.swift */,
				060BA289230E6F1D00BF8E9E /* ViewController.swift */,
				060BA28B230E6F1D00BF8E9E /* Main.storyboard */,
				060BA28E230E6F3400BF8E9E /* Assets.xcassets */,
				060BA290230E6F3400BF8E9E /* LaunchScreen.storyboard */,
				060BA293230E6F3400BF8E9E /* Info.plist */,
			);
			path = DownloadImageFrom_URL;
			sourceTree = "<group>";
		};
/* End PBXGroup section */

/* Begin PBXNativeTarget section */
		060BA283230E6F1D00BF8E9E /* DownloadImageFrom_URL */ = {
			isa = PBXNativeTarget;
			buildConfigurationList = 060BA296230E6F3400BF8E9E /* Build configuration list for PBXNativeTarget "DownloadImageFrom_URL" */;
			buildPhases = (
				060BA280230E6F1D00BF8E9E /* Sources */,
				060BA281230E6F1D00BF8E9E /* Frameworks */,
				060BA282230E6F1D00BF8E9E /* Resources */,
			);
			buildRules = (
			);
			dependencies = (
			);
			name = DownloadImageFrom_URL;
			productName = DownloadImageFrom_URL;
			productReference = 060BA284230E6F1D00BF8E9E /* DownloadImageFrom_URL.app */;
			productType = "com.apple.product-type.application";
		};
/* End PBXNativeTarget section */

/* Begin PBXProject section */
		060BA27C230E6F1C00BF8E9E /* Project object */ = {
			isa = PBXProject;
			attributes = {
				LastSwiftUpdateCheck = 1030;
				LastUpgradeCheck = 1030;
				ORGANIZATIONNAME = "Mallikarjun H";
				TargetAttributes = {
					060BA283230E6F1D00BF8E9E = {
						CreatedOnToolsVersion = 10.3;
					};
				};
			};
			buildConfigurationList = 060BA27F230E6F1C00BF8E9E /* Build configuration list for PBXProject "DownloadImageFrom_URL" */;
			compatibilityVersion = "Xcode 9.3";
			developmentRegion = en;
			hasScannedForEncodings = 0;
			knownRegions = (
				en,
				Base,
			);
			mainGroup = 060BA27B230E6F1C00BF8E9E;
			productRefGroup = 060BA285230E6F1D00BF8E9E /* Products */;
			projectDirPath = "";
			projectRoot = "";
			targets = (
				060BA283230E6F1D00BF8E9E /* DownloadImageFrom_URL */,
			);
		};
/* End PBXProject section */

/* Begin PBXResourcesBuildPhase section */
		060BA282230E6F1D00BF8E9E /* Resources */ = {
			isa = PBXResourcesBuildPhase;
			buildActionMask = 2147483647;
			files = (
				060BA292230E6F3400BF8E9E /* LaunchScreen.storyboard in Resources */,
				060BA28F230E6F3400BF8E9E /* Assets.xcassets in Resources */,
				060BA28D230E6F1D00BF8E9E /* Main.storyboard in Resources */,
			);
			runOnlyForDeploymentPostprocessing = 0;
		};
/* End PBXResourcesBuildPhase section */

/* Begin PBXSourcesBuildPhase section */
		060BA280230E6F1D00BF8E9E /* Sources */ = {
			isa = PBXSourcesBuildPhase;
			buildActionMask = 2147483647;
			files = (
				060BA28A230E6F1D00BF8E9E /* ViewController.swift in Sources */,
				060BA288230E6F1D00BF8E9E /* AppDelegate.swift in Sources */,
			);
			runOnlyForDeploymentPostprocessing = 0;
		};
/* End PBXSourcesBuildPhase section */

/* Begin PBXVariantGroup section */
		060BA28B230E6F1D00BF8E9E /* Main.storyboard */ = {
			isa = PBXVariantGroup;
			children = (
				060BA28C230E6F1D00BF8E9E /* Base */,
			);
			name = Main.storyboard;
			sourceTree = "<group>";
		};
		060BA290230E6F3400BF8E9E /* LaunchScreen.storyboard */ = {
			isa = PBXVariantGroup;
			children = (
				060BA291230E6F3400BF8E9E /* Base */,
			);
			name = LaunchScreen.storyboard;
			sourceTree = "<group>";
		};
/* End PBXVariantGroup section */

/* Begin XCBuildConfiguration section */
		060BA294230E6F3400BF8E9E /* Debug */ = {
			isa = XCBuildConfiguration;
			buildSettings = {
				ALWAYS_SEARCH_USER_PATHS = NO;
				CLANG_ANALYZER_NONNULL = YES;
				CLANG_ANALYZER_NUMBER_OBJECT_CONVERSION = YES_AGGRESSIVE;
				CLANG_CXX_LANGUAGE_STANDARD = "gnu++14";
				CLANG_CXX_LIBRARY = "libc++";
				CLANG_ENABLE_MODULES = YES;
				CLANG_ENABLE_OBJC_ARC = YES;
				CLANG_ENABLE_OBJC_WEAK = YES;
				CLANG_WARN_BLOCK_CAPTURE_AUTORELEASING = YES;
				CLANG_WARN_BOOL_CONVERSION = YES;
				CLANG_WARN_COMMA = YES;
				CLANG_WARN_CONSTANT_CONVERSION = YES;
				CLANG_WARN_DEPRECATED_OBJC_IMPLEMENTATIONS = YES;
				CLANG_WARN_DIRECT_OBJC_ISA_USAGE = YES_ERROR;
				CLANG_WARN_DOCUMENTATION_COMMENTS = YES;
				CLANG_WARN_EMPTY_BODY = YES;
				CLANG_WARN_ENUM_CONVERSION = YES;
				CLANG_WARN_INFINITE_RECURSION = YES;
				CLANG_WARN_INT_CONVERSION = YES;
				CLANG_WARN_NON_LITERAL_NULL_CONVERSION = YES;
				CLANG_WARN_OBJC_IMPLICIT_RETAIN_SELF = YES;
				CLANG_WARN_OBJC_LITERAL_CONVERSION = YES;
				CLANG_WARN_OBJC_ROOT_CLASS = YES_ERROR;
				CLANG_WARN_RANGE_LOOP_ANALYSIS = YES;
				CLANG_WARN_STRICT_PROTOTYPES = YES;
				CLANG_WARN_SUSPICIOUS_MOVE = YES;
				CLANG_WARN_UNGUARDED_AVAILABILITY = YES_AGGRESSIVE;
				CLANG_WARN_UNREACHABLE_CODE = YES;
				CLANG_WARN__DUPLICATE_METHOD_MATCH = YES;
				CODE_SIGN_IDENTITY = "iPhone Developer";
				COPY_PHASE_STRIP = NO;
				DEBUG_INFORMATION_FORMAT = dwarf;
				ENABLE_STRICT_OBJC_MSGSEND = YES;
				ENABLE_TESTABILITY = YES;
				GCC_C_LANGUAGE_STANDARD = gnu11;
				GCC_DYNAMIC_NO_PIC = NO;
				GCC_NO_COMMON_BLOCKS = YES;
				GCC_OPTIMIZATION_LEVEL = 0;
				GCC_PREPROCESSOR_DEFINITIONS = (
					"DEBUG=1",
					"$(inherited)",
				);
				GCC_WARN_64_TO_32_BIT_CONVERSION = YES;
				GCC_WARN_ABOUT_RETURN_TYPE = YES_ERROR;
				GCC_WARN_UNDECLARED_SELECTOR = YES;
				GCC_WARN_UNINITIALIZED_AUTOS = YES_AGGRESSIVE;
				GCC_WARN_UNUSED_FUNCTION = YES;
				GCC_WARN_UNUSED_VARIABLE = YES;
				IPHONEOS_DEPLOYMENT_TARGET = 12.4;
				MTL_ENABLE_DEBUG_INFO = INCLUDE_SOURCE;
				MTL_FAST_MATH = YES;
				ONLY_ACTIVE_ARCH = YES;
				SDKROOT = iphoneos;
				SWIFT_ACTIVE_COMPILATION_CONDITIONS = DEBUG;
				SWIFT_OPTIMIZATION_LEVEL = "-Onone";
			};
			name = Debug;
		};
		060BA295230E6F3400BF8E9E /* Release */ = {
			isa = XCBuildConfiguration;
			buildSettings = {
				ALWAYS_SEARCH_USER_PATHS = NO;
				CLANG_ANALYZER_NONNULL = YES;
				CLANG_ANALYZER_NUMBER_OBJECT_CONVERSION = YES_AGGRESSIVE;
				CLANG_CXX_LANGUAGE_STANDARD = "gnu++14";
				CLANG_CXX_LIBRARY = "libc++";
				CLANG_ENABLE_MODULES = YES;
				CLANG_ENABLE_OBJC_ARC = YES;
				CLANG_ENABLE_OBJC_WEAK = YES;
				CLANG_WARN_BLOCK_CAPTURE_AUTORELEASING = YES;
				CLANG_WARN_BOOL_CONVERSION = YES;
				CLANG_WARN_COMMA = YES;
				CLANG_WARN_CONSTANT_CONVERSION = YES;
				CLANG_WARN_DEPRECATED_OBJC_IMPLEMENTATIONS = YES;
				CLANG_WARN_DIRECT_OBJC_ISA_USAGE = YES_ERROR;
				CLANG_WARN_DOCUMENTATION_COMMENTS = YES;
				CLANG_WARN_EMPTY_BODY = YES;
				CLANG_WARN_ENUM_CONVERSION = YES;
				CLANG_WARN_INFINITE_RECURSION = YES;
				CLANG_WARN_INT_CONVERSION = YES;
				CLANG_WARN_NON_LITERAL_NULL_CONVERSION = YES;
				CLANG_WARN_OBJC_IMPLICIT_RETAIN_SELF = YES;
				CLANG_WARN_OBJC_LITERAL_CONVERSION = YES;
				CLANG_WARN_OBJC_ROOT_CLASS = YES_ERROR;
				CLANG_WARN_RANGE_LOOP_ANALYSIS = YES;
				CLANG_WARN_STRICT_PROTOTYPES = YES;
				CLANG_WARN_SUSPICIOUS_MOVE = YES;
				CLANG_WARN_UNGUARDED_AVAILABILITY = YES_AGGRESSIVE;
				CLANG_WARN_UNREACHABLE_CODE = YES;
				CLANG_WARN__DUPLICATE_METHOD_MATCH = YES;
				CODE_SIGN_IDENTITY = "iPhone Developer";
				COPY_PHASE_STRIP = NO;
				DEBUG_INFORMATION_FORMAT = "dwarf-with-dsym";
				ENABLE_NS_ASSERTIONS = NO;
				ENABLE_STRICT_OBJC_MSGSEND = YES;
				GCC_C_LANGUAGE_STANDARD = gnu11;
				GCC_NO_COMMON_BLOCKS = YES;
				GCC_WARN_64_TO_32_BIT_CONVERSION = YES;
				GCC_WARN_ABOUT_RETURN_TYPE = YES_ERROR;
				GCC_WARN_UNDECLARED_SELECTOR = YES;
				GCC_WARN_UNINITIALIZED_AUTOS = YES_AGGRESSIVE;
				GCC_WARN_UNUSED_FUNCTION = YES;
				GCC_WARN_UNUSED_VARIABLE = YES;
				IPHONEOS_DEPLOYMENT_TARGET = 12.4;
				MTL_ENABLE_DEBUG_INFO = NO;
				MTL_FAST_MATH = YES;
				SDKROOT = iphoneos;
				SWIFT_COMPILATION_MODE = wholemodule;
				SWIFT_OPTIMIZATION_LEVEL = "-O";
				VALIDATE_PRODUCT = YES;
			};
			name = Release;
		};
		060BA297230E6F3400BF8E9E /* Debug */ = {
			isa = XCBuildConfiguration;
			buildSettings = {
				ASSETCATALOG_COMPILER_APPICON_NAME = AppIcon;
				CODE_SIGN_STYLE = Automatic;
				DEVELOPMENT_TEAM = 9HVHM5PPH2;
				INFOPLIST_FILE = DownloadImageFrom_URL/Info.plist;
				LD_RUNPATH_SEARCH_PATHS = (
					"$(inherited)",
					"@executable_path/Frameworks",
				);
				PRODUCT_BUNDLE_IDENTIFIER = "TestExamples.DownloadImageFrom-URL";
				PRODUCT_NAME = "$(TARGET_NAME)";
				SWIFT_VERSION = 5.0;
				TARGETED_DEVICE_FAMILY = "1,2";
			};
			name = Debug;
		};
		060BA298230E6F3400BF8E9E /* Release */ = {
			isa = XCBuildConfiguration;
			buildSettings = {
				ASSETCATALOG_COMPILER_APPICON_NAME = AppIcon;
				CODE_SIGN_STYLE = Automatic;
				DEVELOPMENT_TEAM = 9HVHM5PPH2;
				INFOPLIST_FILE = DownloadImageFrom_URL/Info.plist;
				LD_RUNPATH_SEARCH_PATHS = (
					"$(inherited)",
					"@executable_path/Frameworks",
				);
				PRODUCT_BUNDLE_IDENTIFIER = "TestExamples.DownloadImageFrom-URL";
				PRODUCT_NAME = "$(TARGET_NAME)";
				SWIFT_VERSION = 5.0;
				TARGETED_DEVICE_FAMILY = "1,2";
			};
			name = Release;
		};
/* End XCBuildConfiguration section */

/* Begin XCConfigurationList section */
		060BA27F230E6F1C00BF8E9E /* Build configuration list for PBXProject "DownloadImageFrom_URL" */ = {
			isa = XCConfigurationList;
			buildConfigurations = (
				060BA294230E6F3400BF8E9E /* Debug */,
				060BA295230E6F3400BF8E9E /* Release */,
			);
			defaultConfigurationIsVisible = 0;
			defaultConfigurationName = Release;
		};
		060BA296230E6F3400BF8E9E /* Build configuration list for PBXNativeTarget "DownloadImageFrom_URL" */ = {
			isa = XCConfigurationList;
			buildConfigurations = (
				060BA297230E6F3400BF8E9E /* Debug */,
				060BA298230E6F3400BF8E9E /* Release */,
			);
			defaultConfigurationIsVisible = 0;
			defaultConfigurationName = Release;
		};
/* End XCConfigurationList section */
	};
	rootObject = 060BA27C230E6F1C00BF8E9E /* Project object */;
}
