// !$*UTF8*$!
{
	archiveVersion = 1;
	classes = {
	};
	objectVersion = 50;
	objects = {

/* Begin PBXBuildFile section */
		C1D6012F2601E12400881072 /* AppDelegate.swift in Sources */ = {isa = PBXBuildFile; fileRef = C1D6012E2601E12400881072 /* AppDelegate.swift */; };
		C1D601312601E12400881072 /* SceneDelegate.swift in Sources */ = {isa = PBXBuildFile; fileRef = C1D601302601E12400881072 /* SceneDelegate.swift */; };
		C1D601332601E12400881072 /* ViewController.swift in Sources */ = {isa = PBXBuildFile; fileRef = C1D601322601E12400881072 /* ViewController.swift */; };
		C1D601362601E12400881072 /* Main.storyboard in Resources */ = {isa = PBXBuildFile; fileRef = C1D601342601E12400881072 /* Main.storyboard */; };
		C1D601382601E12A00881072 /* Assets.xcassets in Resources */ = {isa = PBXBuildFile; fileRef = C1D601372601E12A00881072 /* Assets.xcassets */; };
		C1D6013B2601E12A00881072 /* LaunchScreen.storyboard in Resources */ = {isa = PBXBuildFile; fileRef = C1D601392601E12A00881072 /* LaunchScreen.storyboard */; };
		C1D6014B2601E1BA00881072 /* RadioButtonTableViewCell.swift in Sources */ = {isa = PBXBuildFile; fileRef = C1D6014A2601E1BA00881072 /* RadioButtonTableViewCell.swift */; };
		C1D6014E2601E1D200881072 /* TextFieldTableViewCell.swift in Sources */ = {isa = PBXBuildFile; fileRef = C1D6014D2601E1D200881072 /* TextFieldTableViewCell.swift */; };
		C1D601512601E1E400881072 /* CheckBoxTableViewCell.swift in Sources */ = {isa = PBXBuildFile; fileRef = C1D601502601E1E400881072 /* CheckBoxTableViewCell.swift */; };
/* End PBXBuildFile section */

/* Begin PBXFileReference section */
		C1D6012B2601E12400881072 /* AllControlsTest.app */ = {isa = PBXFileReference; explicitFileType = wrapper.application; includeInIndex = 0; path = AllControlsTest.app; sourceTree = BUILT_PRODUCTS_DIR; };
		C1D6012E2601E12400881072 /* AppDelegate.swift */ = {isa = PBXFileReference; lastKnownFileType = sourcecode.swift; path = AppDelegate.swift; sourceTree = "<group>"; };
		C1D601302601E12400881072 /* SceneDelegate.swift */ = {isa = PBXFileReference; lastKnownFileType = sourcecode.swift; path = SceneDelegate.swift; sourceTree = "<group>"; };
		C1D601322601E12400881072 /* ViewController.swift */ = {isa = PBXFileReference; lastKnownFileType = sourcecode.swift; path = ViewController.swift; sourceTree = "<group>"; };
		C1D601352601E12400881072 /* Base */ = {isa = PBXFileReference; lastKnownFileType = file.storyboard; name = Base; path = Base.lproj/Main.storyboard; sourceTree = "<group>"; };
		C1D601372601E12A00881072 /* Assets.xcassets */ = {isa = PBXFileReference; lastKnownFileType = folder.assetcatalog; path = Assets.xcassets; sourceTree = "<group>"; };
		C1D6013A2601E12A00881072 /* Base */ = {isa = PBXFileReference; lastKnownFileType = file.storyboard; name = Base; path = Base.lproj/LaunchScreen.storyboard; sourceTree = "<group>"; };
		C1D6013C2601E12A00881072 /* Info.plist */ = {isa = PBXFileReference; lastKnownFileType = text.plist.xml; path = Info.plist; sourceTree = "<group>"; };
		C1D6014A2601E1BA00881072 /* RadioButtonTableViewCell.swift */ = {isa = PBXFileReference; lastKnownFileType = sourcecode.swift; path = RadioButtonTableViewCell.swift; sourceTree = "<group>"; };
		C1D6014D2601E1D200881072 /* TextFieldTableViewCell.swift */ = {isa = PBXFileReference; lastKnownFileType = sourcecode.swift; path = TextFieldTableViewCell.swift; sourceTree = "<group>"; };
		C1D601502601E1E400881072 /* CheckBoxTableViewCell.swift */ = {isa = PBXFileReference; lastKnownFileType = sourcecode.swift; path = CheckBoxTableViewCell.swift; sourceTree = "<group>"; };
/* End PBXFileReference section */

/* Begin PBXFrameworksBuildPhase section */
		C1D601282601E12400881072 /* Frameworks */ = {
			isa = PBXFrameworksBuildPhase;
			buildActionMask = 2147483647;
			files = (
			);
			runOnlyForDeploymentPostprocessing = 0;
		};
/* End PBXFrameworksBuildPhase section */

/* Begin PBXGroup section */
		C1D601222601E12400881072 = {
			isa = PBXGroup;
			children = (
				C1D6012D2601E12400881072 /* AllControlsTest */,
				C1D6012C2601E12400881072 /* Products */,
			);
			sourceTree = "<group>";
		};
		C1D6012C2601E12400881072 /* Products */ = {
			isa = PBXGroup;
			children = (
				C1D6012B2601E12400881072 /* AllControlsTest.app */,
			);
			name = Products;
			sourceTree = "<group>";
		};
		C1D6012D2601E12400881072 /* AllControlsTest */ = {
			isa = PBXGroup;
			children = (
				C1D6012E2601E12400881072 /* AppDelegate.swift */,
				C1D601302601E12400881072 /* SceneDelegate.swift */,
				C1D601322601E12400881072 /* ViewController.swift */,
				C1D601442601E14000881072 /* TableViewCells */,
				C1D601342601E12400881072 /* Main.storyboard */,
				C1D601372601E12A00881072 /* Assets.xcassets */,
				C1D601392601E12A00881072 /* LaunchScreen.storyboard */,
				C1D6013C2601E12A00881072 /* Info.plist */,
			);
			path = AllControlsTest;
			sourceTree = "<group>";
		};
		C1D601442601E14000881072 /* TableViewCells */ = {
			isa = PBXGroup;
			children = (
				C1D6014D2601E1D200881072 /* TextFieldTableViewCell.swift */,
				C1D601502601E1E400881072 /* CheckBoxTableViewCell.swift */,
				C1D6014A2601E1BA00881072 /* RadioButtonTableViewCell.swift */,
			);
			path = TableViewCells;
			sourceTree = "<group>";
		};
/* End PBXGroup section */

/* Begin PBXNativeTarget section */
		C1D6012A2601E12400881072 /* AllControlsTest */ = {
			isa = PBXNativeTarget;
			buildConfigurationList = C1D6013F2601E12A00881072 /* Build configuration list for PBXNativeTarget "AllControlsTest" */;
			buildPhases = (
				C1D601272601E12400881072 /* Sources */,
				C1D601282601E12400881072 /* Frameworks */,
				C1D601292601E12400881072 /* Resources */,
			);
			buildRules = (
			);
			dependencies = (
			);
			name = AllControlsTest;
			productName = AllControlsTest;
			productReference = C1D6012B2601E12400881072 /* AllControlsTest.app */;
			productType = "com.apple.product-type.application";
		};
/* End PBXNativeTarget section */

/* Begin PBXProject section */
		C1D601232601E12400881072 /* Project object */ = {
			isa = PBXProject;
			attributes = {
				LastSwiftUpdateCheck = 1240;
				LastUpgradeCheck = 1240;
				TargetAttributes = {
					C1D6012A2601E12400881072 = {
						CreatedOnToolsVersion = 12.4;
					};
				};
			};
			buildConfigurationList = C1D601262601E12400881072 /* Build configuration list for PBXProject "AllControlsTest" */;
			compatibilityVersion = "Xcode 9.3";
			developmentRegion = en;
			hasScannedForEncodings = 0;
			knownRegions = (
				en,
				Base,
			);
			mainGroup = C1D601222601E12400881072;
			productRefGroup = C1D6012C2601E12400881072 /* Products */;
			projectDirPath = "";
			projectRoot = "";
			targets = (
				C1D6012A2601E12400881072 /* AllControlsTest */,
			);
		};
/* End PBXProject section */

/* Begin PBXResourcesBuildPhase section */
		C1D601292601E12400881072 /* Resources */ = {
			isa = PBXResourcesBuildPhase;
			buildActionMask = 2147483647;
			files = (
				C1D6013B2601E12A00881072 /* LaunchScreen.storyboard in Resources */,
				C1D601382601E12A00881072 /* Assets.xcassets in Resources */,
				C1D601362601E12400881072 /* Main.storyboard in Resources */,
			);
			runOnlyForDeploymentPostprocessing = 0;
		};
/* End PBXResourcesBuildPhase section */

/* Begin PBXSourcesBuildPhase section */
		C1D601272601E12400881072 /* Sources */ = {
			isa = PBXSourcesBuildPhase;
			buildActionMask = 2147483647;
			files = (
				C1D601332601E12400881072 /* ViewController.swift in Sources */,
				C1D6012F2601E12400881072 /* AppDelegate.swift in Sources */,
				C1D601512601E1E400881072 /* CheckBoxTableViewCell.swift in Sources */,
				C1D601312601E12400881072 /* SceneDelegate.swift in Sources */,
				C1D6014B2601E1BA00881072 /* RadioButtonTableViewCell.swift in Sources */,
				C1D6014E2601E1D200881072 /* TextFieldTableViewCell.swift in Sources */,
			);
			runOnlyForDeploymentPostprocessing = 0;
		};
/* End PBXSourcesBuildPhase section */

/* Begin PBXVariantGroup section */
		C1D601342601E12400881072 /* Main.storyboard */ = {
			isa = PBXVariantGroup;
			children = (
				C1D601352601E12400881072 /* Base */,
			);
			name = Main.storyboard;
			sourceTree = "<group>";
		};
		C1D601392601E12A00881072 /* LaunchScreen.storyboard */ = {
			isa = PBXVariantGroup;
			children = (
				C1D6013A2601E12A00881072 /* Base */,
			);
			name = LaunchScreen.storyboard;
			sourceTree = "<group>";
		};
/* End PBXVariantGroup section */

/* Begin XCBuildConfiguration section */
		C1D6013D2601E12A00881072 /* Debug */ = {
			isa = XCBuildConfiguration;
			buildSettings = {
				ALWAYS_SEARCH_USER_PATHS = NO;
				CLANG_ANALYZER_NONNULL = YES;
				CLANG_ANALYZER_NUMBER_OBJECT_CONVERSION = YES_AGGRESSIVE;
				CLANG_CXX_LANGUAGE_STANDARD = "gnu++14";
				CLANG_CXX_LIBRARY = "libc++";
				CLANG_ENABLE_MODULES = YES;
				CLANG_ENABLE_OBJC_ARC = YES;
				CLANG_ENABLE_OBJC_WEAK = YES;
				CLANG_WARN_BLOCK_CAPTURE_AUTORELEASING = YES;
				CLANG_WARN_BOOL_CONVERSION = YES;
				CLANG_WARN_COMMA = YES;
				CLANG_WARN_CONSTANT_CONVERSION = YES;
				CLANG_WARN_DEPRECATED_OBJC_IMPLEMENTATIONS = YES;
				CLANG_WARN_DIRECT_OBJC_ISA_USAGE = YES_ERROR;
				CLANG_WARN_DOCUMENTATION_COMMENTS = YES;
				CLANG_WARN_EMPTY_BODY = YES;
				CLANG_WARN_ENUM_CONVERSION = YES;
				CLANG_WARN_INFINITE_RECURSION = YES;
				CLANG_WARN_INT_CONVERSION = YES;
				CLANG_WARN_NON_LITERAL_NULL_CONVERSION = YES;
				CLANG_WARN_OBJC_IMPLICIT_RETAIN_SELF = YES;
				CLANG_WARN_OBJC_LITERAL_CONVERSION = YES;
				CLANG_WARN_OBJC_ROOT_CLASS = YES_ERROR;
				CLANG_WARN_QUOTED_INCLUDE_IN_FRAMEWORK_HEADER = YES;
				CLANG_WARN_RANGE_LOOP_ANALYSIS = YES;
				CLANG_WARN_STRICT_PROTOTYPES = YES;
				CLANG_WARN_SUSPICIOUS_MOVE = YES;
				CLANG_WARN_UNGUARDED_AVAILABILITY = YES_AGGRESSIVE;
				CLANG_WARN_UNREACHABLE_CODE = YES;
				CLANG_WARN__DUPLICATE_METHOD_MATCH = YES;
				COPY_PHASE_STRIP = NO;
				DEBUG_INFORMATION_FORMAT = dwarf;
				ENABLE_STRICT_OBJC_MSGSEND = YES;
				ENABLE_TESTABILITY = YES;
				GCC_C_LANGUAGE_STANDARD = gnu11;
				GCC_DYNAMIC_NO_PIC = NO;
				GCC_NO_COMMON_BLOCKS = YES;
				GCC_OPTIMIZATION_LEVEL = 0;
				GCC_PREPROCESSOR_DEFINITIONS = (
					"DEBUG=1",
					"$(inherited)",
				);
				GCC_WARN_64_TO_32_BIT_CONVERSION = YES;
				GCC_WARN_ABOUT_RETURN_TYPE = YES_ERROR;
				GCC_WARN_UNDECLARED_SELECTOR = YES;
				GCC_WARN_UNINITIALIZED_AUTOS = YES_AGGRESSIVE;
				GCC_WARN_UNUSED_FUNCTION = YES;
				GCC_WARN_UNUSED_VARIABLE = YES;
				IPHONEOS_DEPLOYMENT_TARGET = 14.4;
				MTL_ENABLE_DEBUG_INFO = INCLUDE_SOURCE;
				MTL_FAST_MATH = YES;
				ONLY_ACTIVE_ARCH = YES;
				SDKROOT = iphoneos;
				SWIFT_ACTIVE_COMPILATION_CONDITIONS = DEBUG;
				SWIFT_OPTIMIZATION_LEVEL = "-Onone";
			};
			name = Debug;
		};
		C1D6013E2601E12A00881072 /* Release */ = {
			isa = XCBuildConfiguration;
			buildSettings = {
				ALWAYS_SEARCH_USER_PATHS = NO;
				CLANG_ANALYZER_NONNULL = YES;
				CLANG_ANALYZER_NUMBER_OBJECT_CONVERSION = YES_AGGRESSIVE;
				CLANG_CXX_LANGUAGE_STANDARD = "gnu++14";
				CLANG_CXX_LIBRARY = "libc++";
				CLANG_ENABLE_MODULES = YES;
				CLANG_ENABLE_OBJC_ARC = YES;
				CLANG_ENABLE_OBJC_WEAK = YES;
				CLANG_WARN_BLOCK_CAPTURE_AUTORELEASING = YES;
				CLANG_WARN_BOOL_CONVERSION = YES;
				CLANG_WARN_COMMA = YES;
				CLANG_WARN_CONSTANT_CONVERSION = YES;
				CLANG_WARN_DEPRECATED_OBJC_IMPLEMENTATIONS = YES;
				CLANG_WARN_DIRECT_OBJC_ISA_USAGE = YES_ERROR;
				CLANG_WARN_DOCUMENTATION_COMMENTS = YES;
				CLANG_WARN_EMPTY_BODY = YES;
				CLANG_WARN_ENUM_CONVERSION = YES;
				CLANG_WARN_INFINITE_RECURSION = YES;
				CLANG_WARN_INT_CONVERSION = YES;
				CLANG_WARN_NON_LITERAL_NULL_CONVERSION = YES;
				CLANG_WARN_OBJC_IMPLICIT_RETAIN_SELF = YES;
				CLANG_WARN_OBJC_LITERAL_CONVERSION = YES;
				CLANG_WARN_OBJC_ROOT_CLASS = YES_ERROR;
				CLANG_WARN_QUOTED_INCLUDE_IN_FRAMEWORK_HEADER = YES;
				CLANG_WARN_RANGE_LOOP_ANALYSIS = YES;
				CLANG_WARN_STRICT_PROTOTYPES = YES;
				CLANG_WARN_SUSPICIOUS_MOVE = YES;
				CLANG_WARN_UNGUARDED_AVAILABILITY = YES_AGGRESSIVE;
				CLANG_WARN_UNREACHABLE_CODE = YES;
				CLANG_WARN__DUPLICATE_METHOD_MATCH = YES;
				COPY_PHASE_STRIP = NO;
				DEBUG_INFORMATION_FORMAT = "dwarf-with-dsym";
				ENABLE_NS_ASSERTIONS = NO;
				ENABLE_STRICT_OBJC_MSGSEND = YES;
				GCC_C_LANGUAGE_STANDARD = gnu11;
				GCC_NO_COMMON_BLOCKS = YES;
				GCC_WARN_64_TO_32_BIT_CONVERSION = YES;
				GCC_WARN_ABOUT_RETURN_TYPE = YES_ERROR;
				GCC_WARN_UNDECLARED_SELECTOR = YES;
				GCC_WARN_UNINITIALIZED_AUTOS = YES_AGGRESSIVE;
				GCC_WARN_UNUSED_FUNCTION = YES;
				GCC_WARN_UNUSED_VARIABLE = YES;
				IPHONEOS_DEPLOYMENT_TARGET = 14.4;
				MTL_ENABLE_DEBUG_INFO = NO;
				MTL_FAST_MATH = YES;
				SDKROOT = iphoneos;
				SWIFT_COMPILATION_MODE = wholemodule;
				SWIFT_OPTIMIZATION_LEVEL = "-O";
				VALIDATE_PRODUCT = YES;
			};
			name = Release;
		};
		C1D601402601E12A00881072 /* Debug */ = {
			isa = XCBuildConfiguration;
			buildSettings = {
				ASSETCATALOG_COMPILER_APPICON_NAME = AppIcon;
				ASSETCATALOG_COMPILER_GLOBAL_ACCENT_COLOR_NAME = AccentColor;
				CODE_SIGN_STYLE = Automatic;
				DEVELOPMENT_TEAM = LR4QG85CZD;
				INFOPLIST_FILE = AllControlsTest/Info.plist;
				LD_RUNPATH_SEARCH_PATHS = (
					"$(inherited)",
					"@executable_path/Frameworks",
				);
				PRODUCT_BUNDLE_IDENTIFIER = mallikarjun.AllControlsTest;
				PRODUCT_NAME = "$(TARGET_NAME)";
				SWIFT_VERSION = 5.0;
				TARGETED_DEVICE_FAMILY = 1;
			};
			name = Debug;
		};
		C1D601412601E12A00881072 /* Release */ = {
			isa = XCBuildConfiguration;
			buildSettings = {
				ASSETCATALOG_COMPILER_APPICON_NAME = AppIcon;
				ASSETCATALOG_COMPILER_GLOBAL_ACCENT_COLOR_NAME = AccentColor;
				CODE_SIGN_STYLE = Automatic;
				DEVELOPMENT_TEAM = LR4QG85CZD;
				INFOPLIST_FILE = AllControlsTest/Info.plist;
				LD_RUNPATH_SEARCH_PATHS = (
					"$(inherited)",
					"@executable_path/Frameworks",
				);
				PRODUCT_BUNDLE_IDENTIFIER = mallikarjun.AllControlsTest;
				PRODUCT_NAME = "$(TARGET_NAME)";
				SWIFT_VERSION = 5.0;
				TARGETED_DEVICE_FAMILY = 1;
			};
			name = Release;
		};
/* End XCBuildConfiguration section */

/* Begin XCConfigurationList section */
		C1D601262601E12400881072 /* Build configuration list for PBXProject "AllControlsTest" */ = {
			isa = XCConfigurationList;
			buildConfigurations = (
				C1D6013D2601E12A00881072 /* Debug */,
				C1D6013E2601E12A00881072 /* Release */,
			);
			defaultConfigurationIsVisible = 0;
			defaultConfigurationName = Release;
		};
		C1D6013F2601E12A00881072 /* Build configuration list for PBXNativeTarget "AllControlsTest" */ = {
			isa = XCConfigurationList;
			buildConfigurations = (
				C1D601402601E12A00881072 /* Debug */,
				C1D601412601E12A00881072 /* Release */,
			);
			defaultConfigurationIsVisible = 0;
			defaultConfigurationName = Release;
		};
/* End XCConfigurationList section */
	};
	rootObject = C1D601232601E12400881072 /* Project object */;
}
