// !$*UTF8*$!
{
	archiveVersion = 1;
	classes = {
	};
	objectVersion = 50;
	objects = {

/* Begin PBXBuildFile section */
		C16CEC52259343AA0059E1C9 /* AppDelegate.swift in Sources */ = {isa = PBXBuildFile; fileRef = C16CEC51259343AA0059E1C9 /* AppDelegate.swift */; };
		C16CEC54259343AA0059E1C9 /* SceneDelegate.swift in Sources */ = {isa = PBXBuildFile; fileRef = C16CEC53259343AA0059E1C9 /* SceneDelegate.swift */; };
		C16CEC56259343AA0059E1C9 /* ViewController.swift in Sources */ = {isa = PBXBuildFile; fileRef = C16CEC55259343AA0059E1C9 /* ViewController.swift */; };
		C16CEC59259343AA0059E1C9 /* Main.storyboard in Resources */ = {isa = PBXBuildFile; fileRef = C16CEC57259343AA0059E1C9 /* Main.storyboard */; };
		C16CEC5B259343AF0059E1C9 /* Assets.xcassets in Resources */ = {isa = PBXBuildFile; fileRef = C16CEC5A259343AF0059E1C9 /* Assets.xcassets */; };
		C16CEC5E259343AF0059E1C9 /* LaunchScreen.storyboard in Resources */ = {isa = PBXBuildFile; fileRef = C16CEC5C259343AF0059E1C9 /* LaunchScreen.storyboard */; };
		C16CEC67259344520059E1C9 /* ViewController2.swift in Sources */ = {isa = PBXBuildFile; fileRef = C16CEC66259344520059E1C9 /* ViewController2.swift */; };
/* End PBXBuildFile section */

/* Begin PBXFileReference section */
		C16CEC4E259343AA0059E1C9 /* TEst.app */ = {isa = PBXFileReference; explicitFileType = wrapper.application; includeInIndex = 0; path = TEst.app; sourceTree = BUILT_PRODUCTS_DIR; };
		C16CEC51259343AA0059E1C9 /* AppDelegate.swift */ = {isa = PBXFileReference; lastKnownFileType = sourcecode.swift; path = AppDelegate.swift; sourceTree = "<group>"; };
		C16CEC53259343AA0059E1C9 /* SceneDelegate.swift */ = {isa = PBXFileReference; lastKnownFileType = sourcecode.swift; path = SceneDelegate.swift; sourceTree = "<group>"; };
		C16CEC55259343AA0059E1C9 /* ViewController.swift */ = {isa = PBXFileReference; lastKnownFileType = sourcecode.swift; path = ViewController.swift; sourceTree = "<group>"; };
		C16CEC58259343AA0059E1C9 /* Base */ = {isa = PBXFileReference; lastKnownFileType = file.storyboard; name = Base; path = Base.lproj/Main.storyboard; sourceTree = "<group>"; };
		C16CEC5A259343AF0059E1C9 /* Assets.xcassets */ = {isa = PBXFileReference; lastKnownFileType = folder.assetcatalog; path = Assets.xcassets; sourceTree = "<group>"; };
		C16CEC5D259343AF0059E1C9 /* Base */ = {isa = PBXFileReference; lastKnownFileType = file.storyboard; name = Base; path = Base.lproj/LaunchScreen.storyboard; sourceTree = "<group>"; };
		C16CEC5F259343AF0059E1C9 /* Info.plist */ = {isa = PBXFileReference; lastKnownFileType = text.plist.xml; path = Info.plist; sourceTree = "<group>"; };
		C16CEC66259344520059E1C9 /* ViewController2.swift */ = {isa = PBXFileReference; lastKnownFileType = sourcecode.swift; path = ViewController2.swift; sourceTree = "<group>"; };
/* End PBXFileReference section */

/* Begin PBXFrameworksBuildPhase section */
		C16CEC4B259343AA0059E1C9 /* Frameworks */ = {
			isa = PBXFrameworksBuildPhase;
			buildActionMask = 2147483647;
			files = (
			);
			runOnlyForDeploymentPostprocessing = 0;
		};
/* End PBXFrameworksBuildPhase section */

/* Begin PBXGroup section */
		C16CEC45259343AA0059E1C9 = {
			isa = PBXGroup;
			children = (
				C16CEC50259343AA0059E1C9 /* TEst */,
				C16CEC4F259343AA0059E1C9 /* Products */,
			);
			sourceTree = "<group>";
		};
		C16CEC4F259343AA0059E1C9 /* Products */ = {
			isa = PBXGroup;
			children = (
				C16CEC4E259343AA0059E1C9 /* TEst.app */,
			);
			name = Products;
			sourceTree = "<group>";
		};
		C16CEC50259343AA0059E1C9 /* TEst */ = {
			isa = PBXGroup;
			children = (
				C16CEC51259343AA0059E1C9 /* AppDelegate.swift */,
				C16CEC53259343AA0059E1C9 /* SceneDelegate.swift */,
				C16CEC55259343AA0059E1C9 /* ViewController.swift */,
				C16CEC66259344520059E1C9 /* ViewController2.swift */,
				C16CEC57259343AA0059E1C9 /* Main.storyboard */,
				C16CEC5A259343AF0059E1C9 /* Assets.xcassets */,
				C16CEC5C259343AF0059E1C9 /* LaunchScreen.storyboard */,
				C16CEC5F259343AF0059E1C9 /* Info.plist */,
			);
			path = TEst;
			sourceTree = "<group>";
		};
/* End PBXGroup section */

/* Begin PBXNativeTarget section */
		C16CEC4D259343AA0059E1C9 /* TEst */ = {
			isa = PBXNativeTarget;
			buildConfigurationList = C16CEC62259343AF0059E1C9 /* Build configuration list for PBXNativeTarget "TEst" */;
			buildPhases = (
				C16CEC4A259343AA0059E1C9 /* Sources */,
				C16CEC4B259343AA0059E1C9 /* Frameworks */,
				C16CEC4C259343AA0059E1C9 /* Resources */,
			);
			buildRules = (
			);
			dependencies = (
			);
			name = TEst;
			productName = TEst;
			productReference = C16CEC4E259343AA0059E1C9 /* TEst.app */;
			productType = "com.apple.product-type.application";
		};
/* End PBXNativeTarget section */

/* Begin PBXProject section */
		C16CEC46259343AA0059E1C9 /* Project object */ = {
			isa = PBXProject;
			attributes = {
				LastSwiftUpdateCheck = 1210;
				LastUpgradeCheck = 1210;
				TargetAttributes = {
					C16CEC4D259343AA0059E1C9 = {
						CreatedOnToolsVersion = 12.1;
					};
				};
			};
			buildConfigurationList = C16CEC49259343AA0059E1C9 /* Build configuration list for PBXProject "TEst" */;
			compatibilityVersion = "Xcode 9.3";
			developmentRegion = en;
			hasScannedForEncodings = 0;
			knownRegions = (
				en,
				Base,
			);
			mainGroup = C16CEC45259343AA0059E1C9;
			productRefGroup = C16CEC4F259343AA0059E1C9 /* Products */;
			projectDirPath = "";
			projectRoot = "";
			targets = (
				C16CEC4D259343AA0059E1C9 /* TEst */,
			);
		};
/* End PBXProject section */

/* Begin PBXResourcesBuildPhase section */
		C16CEC4C259343AA0059E1C9 /* Resources */ = {
			isa = PBXResourcesBuildPhase;
			buildActionMask = 2147483647;
			files = (
				C16CEC5E259343AF0059E1C9 /* LaunchScreen.storyboard in Resources */,
				C16CEC5B259343AF0059E1C9 /* Assets.xcassets in Resources */,
				C16CEC59259343AA0059E1C9 /* Main.storyboard in Resources */,
			);
			runOnlyForDeploymentPostprocessing = 0;
		};
/* End PBXResourcesBuildPhase section */

/* Begin PBXSourcesBuildPhase section */
		C16CEC4A259343AA0059E1C9 /* Sources */ = {
			isa = PBXSourcesBuildPhase;
			buildActionMask = 2147483647;
			files = (
				C16CEC56259343AA0059E1C9 /* ViewController.swift in Sources */,
				C16CEC67259344520059E1C9 /* ViewController2.swift in Sources */,
				C16CEC52259343AA0059E1C9 /* AppDelegate.swift in Sources */,
				C16CEC54259343AA0059E1C9 /* SceneDelegate.swift in Sources */,
			);
			runOnlyForDeploymentPostprocessing = 0;
		};
/* End PBXSourcesBuildPhase section */

/* Begin PBXVariantGroup section */
		C16CEC57259343AA0059E1C9 /* Main.storyboard */ = {
			isa = PBXVariantGroup;
			children = (
				C16CEC58259343AA0059E1C9 /* Base */,
			);
			name = Main.storyboard;
			sourceTree = "<group>";
		};
		C16CEC5C259343AF0059E1C9 /* LaunchScreen.storyboard */ = {
			isa = PBXVariantGroup;
			children = (
				C16CEC5D259343AF0059E1C9 /* Base */,
			);
			name = LaunchScreen.storyboard;
			sourceTree = "<group>";
		};
/* End PBXVariantGroup section */

/* Begin XCBuildConfiguration section */
		C16CEC60259343AF0059E1C9 /* Debug */ = {
			isa = XCBuildConfiguration;
			buildSettings = {
				ALWAYS_SEARCH_USER_PATHS = NO;
				CLANG_ANALYZER_NONNULL = YES;
				CLANG_ANALYZER_NUMBER_OBJECT_CONVERSION = YES_AGGRESSIVE;
				CLANG_CXX_LANGUAGE_STANDARD = "gnu++14";
				CLANG_CXX_LIBRARY = "libc++";
				CLANG_ENABLE_MODULES = YES;
				CLANG_ENABLE_OBJC_ARC = YES;
				CLANG_ENABLE_OBJC_WEAK = YES;
				CLANG_WARN_BLOCK_CAPTURE_AUTORELEASING = YES;
				CLANG_WARN_BOOL_CONVERSION = YES;
				CLANG_WARN_COMMA = YES;
				CLANG_WARN_CONSTANT_CONVERSION = YES;
				CLANG_WARN_DEPRECATED_OBJC_IMPLEMENTATIONS = YES;
				CLANG_WARN_DIRECT_OBJC_ISA_USAGE = YES_ERROR;
				CLANG_WARN_DOCUMENTATION_COMMENTS = YES;
				CLANG_WARN_EMPTY_BODY = YES;
				CLANG_WARN_ENUM_CONVERSION = YES;
				CLANG_WARN_INFINITE_RECURSION = YES;
				CLANG_WARN_INT_CONVERSION = YES;
				CLANG_WARN_NON_LITERAL_NULL_CONVERSION = YES;
				CLANG_WARN_OBJC_IMPLICIT_RETAIN_SELF = YES;
				CLANG_WARN_OBJC_LITERAL_CONVERSION = YES;
				CLANG_WARN_OBJC_ROOT_CLASS = YES_ERROR;
				CLANG_WARN_QUOTED_INCLUDE_IN_FRAMEWORK_HEADER = YES;
				CLANG_WARN_RANGE_LOOP_ANALYSIS = YES;
				CLANG_WARN_STRICT_PROTOTYPES = YES;
				CLANG_WARN_SUSPICIOUS_MOVE = YES;
				CLANG_WARN_UNGUARDED_AVAILABILITY = YES_AGGRESSIVE;
				CLANG_WARN_UNREACHABLE_CODE = YES;
				CLANG_WARN__DUPLICATE_METHOD_MATCH = YES;
				COPY_PHASE_STRIP = NO;
				DEBUG_INFORMATION_FORMAT = dwarf;
				ENABLE_STRICT_OBJC_MSGSEND = YES;
				ENABLE_TESTABILITY = YES;
				GCC_C_LANGUAGE_STANDARD = gnu11;
				GCC_DYNAMIC_NO_PIC = NO;
				GCC_NO_COMMON_BLOCKS = YES;
				GCC_OPTIMIZATION_LEVEL = 0;
				GCC_PREPROCESSOR_DEFINITIONS = (
					"DEBUG=1",
					"$(inherited)",
				);
				GCC_WARN_64_TO_32_BIT_CONVERSION = YES;
				GCC_WARN_ABOUT_RETURN_TYPE = YES_ERROR;
				GCC_WARN_UNDECLARED_SELECTOR = YES;
				GCC_WARN_UNINITIALIZED_AUTOS = YES_AGGRESSIVE;
				GCC_WARN_UNUSED_FUNCTION = YES;
				GCC_WARN_UNUSED_VARIABLE = YES;
				IPHONEOS_DEPLOYMENT_TARGET = 14.1;
				MTL_ENABLE_DEBUG_INFO = INCLUDE_SOURCE;
				MTL_FAST_MATH = YES;
				ONLY_ACTIVE_ARCH = YES;
				SDKROOT = iphoneos;
				SWIFT_ACTIVE_COMPILATION_CONDITIONS = DEBUG;
				SWIFT_OPTIMIZATION_LEVEL = "-Onone";
			};
			name = Debug;
		};
		C16CEC61259343AF0059E1C9 /* Release */ = {
			isa = XCBuildConfiguration;
			buildSettings = {
				ALWAYS_SEARCH_USER_PATHS = NO;
				CLANG_ANALYZER_NONNULL = YES;
				CLANG_ANALYZER_NUMBER_OBJECT_CONVERSION = YES_AGGRESSIVE;
				CLANG_CXX_LANGUAGE_STANDARD = "gnu++14";
				CLANG_CXX_LIBRARY = "libc++";
				CLANG_ENABLE_MODULES = YES;
				CLANG_ENABLE_OBJC_ARC = YES;
				CLANG_ENABLE_OBJC_WEAK = YES;
				CLANG_WARN_BLOCK_CAPTURE_AUTORELEASING = YES;
				CLANG_WARN_BOOL_CONVERSION = YES;
				CLANG_WARN_COMMA = YES;
				CLANG_WARN_CONSTANT_CONVERSION = YES;
				CLANG_WARN_DEPRECATED_OBJC_IMPLEMENTATIONS = YES;
				CLANG_WARN_DIRECT_OBJC_ISA_USAGE = YES_ERROR;
				CLANG_WARN_DOCUMENTATION_COMMENTS = YES;
				CLANG_WARN_EMPTY_BODY = YES;
				CLANG_WARN_ENUM_CONVERSION = YES;
				CLANG_WARN_INFINITE_RECURSION = YES;
				CLANG_WARN_INT_CONVERSION = YES;
				CLANG_WARN_NON_LITERAL_NULL_CONVERSION = YES;
				CLANG_WARN_OBJC_IMPLICIT_RETAIN_SELF = YES;
				CLANG_WARN_OBJC_LITERAL_CONVERSION = YES;
				CLANG_WARN_OBJC_ROOT_CLASS = YES_ERROR;
				CLANG_WARN_QUOTED_INCLUDE_IN_FRAMEWORK_HEADER = YES;
				CLANG_WARN_RANGE_LOOP_ANALYSIS = YES;
				CLANG_WARN_STRICT_PROTOTYPES = YES;
				CLANG_WARN_SUSPICIOUS_MOVE = YES;
				CLANG_WARN_UNGUARDED_AVAILABILITY = YES_AGGRESSIVE;
				CLANG_WARN_UNREACHABLE_CODE = YES;
				CLANG_WARN__DUPLICATE_METHOD_MATCH = YES;
				COPY_PHASE_STRIP = NO;
				DEBUG_INFORMATION_FORMAT = "dwarf-with-dsym";
				ENABLE_NS_ASSERTIONS = NO;
				ENABLE_STRICT_OBJC_MSGSEND = YES;
				GCC_C_LANGUAGE_STANDARD = gnu11;
				GCC_NO_COMMON_BLOCKS = YES;
				GCC_WARN_64_TO_32_BIT_CONVERSION = YES;
				GCC_WARN_ABOUT_RETURN_TYPE = YES_ERROR;
				GCC_WARN_UNDECLARED_SELECTOR = YES;
				GCC_WARN_UNINITIALIZED_AUTOS = YES_AGGRESSIVE;
				GCC_WARN_UNUSED_FUNCTION = YES;
				GCC_WARN_UNUSED_VARIABLE = YES;
				IPHONEOS_DEPLOYMENT_TARGET = 14.1;
				MTL_ENABLE_DEBUG_INFO = NO;
				MTL_FAST_MATH = YES;
				SDKROOT = iphoneos;
				SWIFT_COMPILATION_MODE = wholemodule;
				SWIFT_OPTIMIZATION_LEVEL = "-O";
				VALIDATE_PRODUCT = YES;
			};
			name = Release;
		};
		C16CEC63259343AF0059E1C9 /* Debug */ = {
			isa = XCBuildConfiguration;
			buildSettings = {
				ASSETCATALOG_COMPILER_APPICON_NAME = AppIcon;
				ASSETCATALOG_COMPILER_GLOBAL_ACCENT_COLOR_NAME = AccentColor;
				CODE_SIGN_STYLE = Automatic;
				INFOPLIST_FILE = TEst/Info.plist;
				LD_RUNPATH_SEARCH_PATHS = (
					"$(inherited)",
					"@executable_path/Frameworks",
				);
				PRODUCT_BUNDLE_IDENTIFIER = mallikarjun.TEst;
				PRODUCT_NAME = "$(TARGET_NAME)";
				SWIFT_VERSION = 5.0;
				TARGETED_DEVICE_FAMILY = "1,2";
			};
			name = Debug;
		};
		C16CEC64259343AF0059E1C9 /* Release */ = {
			isa = XCBuildConfiguration;
			buildSettings = {
				ASSETCATALOG_COMPILER_APPICON_NAME = AppIcon;
				ASSETCATALOG_COMPILER_GLOBAL_ACCENT_COLOR_NAME = AccentColor;
				CODE_SIGN_STYLE = Automatic;
				INFOPLIST_FILE = TEst/Info.plist;
				LD_RUNPATH_SEARCH_PATHS = (
					"$(inherited)",
					"@executable_path/Frameworks",
				);
				PRODUCT_BUNDLE_IDENTIFIER = mallikarjun.TEst;
				PRODUCT_NAME = "$(TARGET_NAME)";
				SWIFT_VERSION = 5.0;
				TARGETED_DEVICE_FAMILY = "1,2";
			};
			name = Release;
		};
/* End XCBuildConfiguration section */

/* Begin XCConfigurationList section */
		C16CEC49259343AA0059E1C9 /* Build configuration list for PBXProject "TEst" */ = {
			isa = XCConfigurationList;
			buildConfigurations = (
				C16CEC60259343AF0059E1C9 /* Debug */,
				C16CEC61259343AF0059E1C9 /* Release */,
			);
			defaultConfigurationIsVisible = 0;
			defaultConfigurationName = Release;
		};
		C16CEC62259343AF0059E1C9 /* Build configuration list for PBXNativeTarget "TEst" */ = {
			isa = XCConfigurationList;
			buildConfigurations = (
				C16CEC63259343AF0059E1C9 /* Debug */,
				C16CEC64259343AF0059E1C9 /* Release */,
			);
			defaultConfigurationIsVisible = 0;
			defaultConfigurationName = Release;
		};
/* End XCConfigurationList section */
	};
	rootObject = C16CEC46259343AA0059E1C9 /* Project object */;
}
