// !$*UTF8*$!
{
	archiveVersion = 1;
	classes = {
	};
	objectVersion = 50;
	objects = {

/* Begin PBXBuildFile section */
		0618B08422C241AA0039E134 /* BabyHeightPredictorForm.swift in Sources */ = {isa = PBXBuildFile; fileRef = 0618B08322C241AA0039E134 /* BabyHeightPredictorForm.swift */; };
		0618B08622C241D70039E134 /* BabyHeightPredictorFormCells.swift in Sources */ = {isa = PBXBuildFile; fileRef = 0618B08522C241D70039E134 /* BabyHeightPredictorFormCells.swift */; };
		0618B08822C241EF0039E134 /* BabyHeightPredictorResult.swift in Sources */ = {isa = PBXBuildFile; fileRef = 0618B08722C241EF0039E134 /* BabyHeightPredictorResult.swift */; };
		0618B08A22C2420A0039E134 /* BabyHeightPredictorResultCells.swift in Sources */ = {isa = PBXBuildFile; fileRef = 0618B08922C2420A0039E134 /* BabyHeightPredictorResultCells.swift */; };
		06E3631722C204EC00E6C01C /* AppDelegate.swift in Sources */ = {isa = PBXBuildFile; fileRef = 06E3631622C204EC00E6C01C /* AppDelegate.swift */; };
		06E3631C22C204EC00E6C01C /* Main.storyboard in Resources */ = {isa = PBXBuildFile; fileRef = 06E3631A22C204EC00E6C01C /* Main.storyboard */; };
		06E3631E22C204FD00E6C01C /* Assets.xcassets in Resources */ = {isa = PBXBuildFile; fileRef = 06E3631D22C204FD00E6C01C /* Assets.xcassets */; };
		06E3632122C204FD00E6C01C /* LaunchScreen.storyboard in Resources */ = {isa = PBXBuildFile; fileRef = 06E3631F22C204FD00E6C01C /* LaunchScreen.storyboard */; };
		DC4259814277C9D73F5E7BBB /* Pods_Baby_Height_Predictor.framework in Frameworks */ = {isa = PBXBuildFile; fileRef = 84C91352DFEEF6B2527523FD /* Pods_Baby_Height_Predictor.framework */; };
/* End PBXBuildFile section */

/* Begin PBXFileReference section */
		0618B08322C241AA0039E134 /* BabyHeightPredictorForm.swift */ = {isa = PBXFileReference; lastKnownFileType = sourcecode.swift; path = BabyHeightPredictorForm.swift; sourceTree = "<group>"; };
		0618B08522C241D70039E134 /* BabyHeightPredictorFormCells.swift */ = {isa = PBXFileReference; lastKnownFileType = sourcecode.swift; path = BabyHeightPredictorFormCells.swift; sourceTree = "<group>"; };
		0618B08722C241EF0039E134 /* BabyHeightPredictorResult.swift */ = {isa = PBXFileReference; lastKnownFileType = sourcecode.swift; path = BabyHeightPredictorResult.swift; sourceTree = "<group>"; };
		0618B08922C2420A0039E134 /* BabyHeightPredictorResultCells.swift */ = {isa = PBXFileReference; lastKnownFileType = sourcecode.swift; path = BabyHeightPredictorResultCells.swift; sourceTree = "<group>"; };
		06E3631322C204EC00E6C01C /* Baby Height Predictor.app */ = {isa = PBXFileReference; explicitFileType = wrapper.application; includeInIndex = 0; path = "Baby Height Predictor.app"; sourceTree = BUILT_PRODUCTS_DIR; };
		06E3631622C204EC00E6C01C /* AppDelegate.swift */ = {isa = PBXFileReference; lastKnownFileType = sourcecode.swift; path = AppDelegate.swift; sourceTree = "<group>"; };
		06E3631B22C204EC00E6C01C /* Base */ = {isa = PBXFileReference; lastKnownFileType = file.storyboard; name = Base; path = Base.lproj/Main.storyboard; sourceTree = "<group>"; };
		06E3631D22C204FD00E6C01C /* Assets.xcassets */ = {isa = PBXFileReference; lastKnownFileType = folder.assetcatalog; path = Assets.xcassets; sourceTree = "<group>"; };
		06E3632022C204FD00E6C01C /* Base */ = {isa = PBXFileReference; lastKnownFileType = file.storyboard; name = Base; path = Base.lproj/LaunchScreen.storyboard; sourceTree = "<group>"; };
		06E3632222C204FD00E6C01C /* Info.plist */ = {isa = PBXFileReference; lastKnownFileType = text.plist.xml; path = Info.plist; sourceTree = "<group>"; };
		84C91352DFEEF6B2527523FD /* Pods_Baby_Height_Predictor.framework */ = {isa = PBXFileReference; explicitFileType = wrapper.framework; includeInIndex = 0; path = Pods_Baby_Height_Predictor.framework; sourceTree = BUILT_PRODUCTS_DIR; };
		D6A967CA1E863BB75BD7C9ED /* Pods-Baby Height Predictor.debug.xcconfig */ = {isa = PBXFileReference; includeInIndex = 1; lastKnownFileType = text.xcconfig; name = "Pods-Baby Height Predictor.debug.xcconfig"; path = "Pods/Target Support Files/Pods-Baby Height Predictor/Pods-Baby Height Predictor.debug.xcconfig"; sourceTree = "<group>"; };
		E099D9BC36FF95FE4E62A47A /* Pods-Baby Height Predictor.release.xcconfig */ = {isa = PBXFileReference; includeInIndex = 1; lastKnownFileType = text.xcconfig; name = "Pods-Baby Height Predictor.release.xcconfig"; path = "Pods/Target Support Files/Pods-Baby Height Predictor/Pods-Baby Height Predictor.release.xcconfig"; sourceTree = "<group>"; };
/* End PBXFileReference section */

/* Begin PBXFrameworksBuildPhase section */
		06E3631022C204EC00E6C01C /* Frameworks */ = {
			isa = PBXFrameworksBuildPhase;
			buildActionMask = 2147483647;
			files = (
				DC4259814277C9D73F5E7BBB /* Pods_Baby_Height_Predictor.framework in Frameworks */,
			);
			runOnlyForDeploymentPostprocessing = 0;
		};
/* End PBXFrameworksBuildPhase section */

/* Begin PBXGroup section */
		06E3630A22C204EC00E6C01C = {
			isa = PBXGroup;
			children = (
				06E3631522C204EC00E6C01C /* Baby Height Predictor */,
				06E3631422C204EC00E6C01C /* Products */,
				A90A536909BC4BC7F104F7C2 /* Pods */,
				340176D92F64AFDD1BDFDBFA /* Frameworks */,
			);
			sourceTree = "<group>";
		};
		06E3631422C204EC00E6C01C /* Products */ = {
			isa = PBXGroup;
			children = (
				06E3631322C204EC00E6C01C /* Baby Height Predictor.app */,
			);
			name = Products;
			sourceTree = "<group>";
		};
		06E3631522C204EC00E6C01C /* Baby Height Predictor */ = {
			isa = PBXGroup;
			children = (
				06E3631622C204EC00E6C01C /* AppDelegate.swift */,
				06E3631A22C204EC00E6C01C /* Main.storyboard */,
				06E3631D22C204FD00E6C01C /* Assets.xcassets */,
				06E3631F22C204FD00E6C01C /* LaunchScreen.storyboard */,
				06E3632222C204FD00E6C01C /* Info.plist */,
				0618B08322C241AA0039E134 /* BabyHeightPredictorForm.swift */,
				0618B08522C241D70039E134 /* BabyHeightPredictorFormCells.swift */,
				0618B08722C241EF0039E134 /* BabyHeightPredictorResult.swift */,
				0618B08922C2420A0039E134 /* BabyHeightPredictorResultCells.swift */,
			);
			path = "Baby Height Predictor";
			sourceTree = "<group>";
		};
		340176D92F64AFDD1BDFDBFA /* Frameworks */ = {
			isa = PBXGroup;
			children = (
				84C91352DFEEF6B2527523FD /* Pods_Baby_Height_Predictor.framework */,
			);
			name = Frameworks;
			sourceTree = "<group>";
		};
		A90A536909BC4BC7F104F7C2 /* Pods */ = {
			isa = PBXGroup;
			children = (
				D6A967CA1E863BB75BD7C9ED /* Pods-Baby Height Predictor.debug.xcconfig */,
				E099D9BC36FF95FE4E62A47A /* Pods-Baby Height Predictor.release.xcconfig */,
			);
			name = Pods;
			sourceTree = "<group>";
		};
/* End PBXGroup section */

/* Begin PBXNativeTarget section */
		06E3631222C204EC00E6C01C /* Baby Height Predictor */ = {
			isa = PBXNativeTarget;
			buildConfigurationList = 06E3632522C204FD00E6C01C /* Build configuration list for PBXNativeTarget "Baby Height Predictor" */;
			buildPhases = (
				24C4641E7665ED68EDAB5E5B /* [CP] Check Pods Manifest.lock */,
				06E3630F22C204EC00E6C01C /* Sources */,
				06E3631022C204EC00E6C01C /* Frameworks */,
				06E3631122C204EC00E6C01C /* Resources */,
				43F40894E9B3EA619606FF44 /* [CP] Embed Pods Frameworks */,
			);
			buildRules = (
			);
			dependencies = (
			);
			name = "Baby Height Predictor";
			productName = "Baby Height Predictor";
			productReference = 06E3631322C204EC00E6C01C /* Baby Height Predictor.app */;
			productType = "com.apple.product-type.application";
		};
/* End PBXNativeTarget section */

/* Begin PBXProject section */
		06E3630B22C204EC00E6C01C /* Project object */ = {
			isa = PBXProject;
			attributes = {
				LastSwiftUpdateCheck = 1020;
				LastUpgradeCheck = 1020;
				ORGANIZATIONNAME = "Mallikarjun H";
				TargetAttributes = {
					06E3631222C204EC00E6C01C = {
						CreatedOnToolsVersion = 10.2.1;
					};
				};
			};
			buildConfigurationList = 06E3630E22C204EC00E6C01C /* Build configuration list for PBXProject "Baby Height Predictor" */;
			compatibilityVersion = "Xcode 9.3";
			developmentRegion = en;
			hasScannedForEncodings = 0;
			knownRegions = (
				en,
				Base,
			);
			mainGroup = 06E3630A22C204EC00E6C01C;
			productRefGroup = 06E3631422C204EC00E6C01C /* Products */;
			projectDirPath = "";
			projectRoot = "";
			targets = (
				06E3631222C204EC00E6C01C /* Baby Height Predictor */,
			);
		};
/* End PBXProject section */

/* Begin PBXResourcesBuildPhase section */
		06E3631122C204EC00E6C01C /* Resources */ = {
			isa = PBXResourcesBuildPhase;
			buildActionMask = 2147483647;
			files = (
				06E3632122C204FD00E6C01C /* LaunchScreen.storyboard in Resources */,
				06E3631E22C204FD00E6C01C /* Assets.xcassets in Resources */,
				06E3631C22C204EC00E6C01C /* Main.storyboard in Resources */,
			);
			runOnlyForDeploymentPostprocessing = 0;
		};
/* End PBXResourcesBuildPhase section */

/* Begin PBXShellScriptBuildPhase section */
		24C4641E7665ED68EDAB5E5B /* [CP] Check Pods Manifest.lock */ = {
			isa = PBXShellScriptBuildPhase;
			buildActionMask = 2147483647;
			files = (
			);
			inputFileListPaths = (
			);
			inputPaths = (
				"${PODS_PODFILE_DIR_PATH}/Podfile.lock",
				"${PODS_ROOT}/Manifest.lock",
			);
			name = "[CP] Check Pods Manifest.lock";
			outputFileListPaths = (
			);
			outputPaths = (
				"$(DERIVED_FILE_DIR)/Pods-Baby Height Predictor-checkManifestLockResult.txt",
			);
			runOnlyForDeploymentPostprocessing = 0;
			shellPath = /bin/sh;
			shellScript = "diff \"${PODS_PODFILE_DIR_PATH}/Podfile.lock\" \"${PODS_ROOT}/Manifest.lock\" > /dev/null\nif [ $? != 0 ] ; then\n    # print error to STDERR\n    echo \"error: The sandbox is not in sync with the Podfile.lock. Run 'pod install' or update your CocoaPods installation.\" >&2\n    exit 1\nfi\n# This output is used by Xcode 'outputs' to avoid re-running this script phase.\necho \"SUCCESS\" > \"${SCRIPT_OUTPUT_FILE_0}\"\n";
			showEnvVarsInLog = 0;
		};
		43F40894E9B3EA619606FF44 /* [CP] Embed Pods Frameworks */ = {
			isa = PBXShellScriptBuildPhase;
			buildActionMask = 2147483647;
			files = (
			);
			inputFileListPaths = (
			);
			inputPaths = (
				"${SRCROOT}/Pods/Target Support Files/Pods-Baby Height Predictor/Pods-Baby Height Predictor-frameworks.sh",
				"${BUILT_PRODUCTS_DIR}/SkyFloatingLabelTextField/SkyFloatingLabelTextField.framework",
			);
			name = "[CP] Embed Pods Frameworks";
			outputFileListPaths = (
			);
			outputPaths = (
				"${TARGET_BUILD_DIR}/${FRAMEWORKS_FOLDER_PATH}/SkyFloatingLabelTextField.framework",
			);
			runOnlyForDeploymentPostprocessing = 0;
			shellPath = /bin/sh;
			shellScript = "\"${SRCROOT}/Pods/Target Support Files/Pods-Baby Height Predictor/Pods-Baby Height Predictor-frameworks.sh\"\n";
			showEnvVarsInLog = 0;
		};
/* End PBXShellScriptBuildPhase section */

/* Begin PBXSourcesBuildPhase section */
		06E3630F22C204EC00E6C01C /* Sources */ = {
			isa = PBXSourcesBuildPhase;
			buildActionMask = 2147483647;
			files = (
				0618B08A22C2420A0039E134 /* BabyHeightPredictorResultCells.swift in Sources */,
				0618B08822C241EF0039E134 /* BabyHeightPredictorResult.swift in Sources */,
				0618B08422C241AA0039E134 /* BabyHeightPredictorForm.swift in Sources */,
				06E3631722C204EC00E6C01C /* AppDelegate.swift in Sources */,
				0618B08622C241D70039E134 /* BabyHeightPredictorFormCells.swift in Sources */,
			);
			runOnlyForDeploymentPostprocessing = 0;
		};
/* End PBXSourcesBuildPhase section */

/* Begin PBXVariantGroup section */
		06E3631A22C204EC00E6C01C /* Main.storyboard */ = {
			isa = PBXVariantGroup;
			children = (
				06E3631B22C204EC00E6C01C /* Base */,
			);
			name = Main.storyboard;
			sourceTree = "<group>";
		};
		06E3631F22C204FD00E6C01C /* LaunchScreen.storyboard */ = {
			isa = PBXVariantGroup;
			children = (
				06E3632022C204FD00E6C01C /* Base */,
			);
			name = LaunchScreen.storyboard;
			sourceTree = "<group>";
		};
/* End PBXVariantGroup section */

/* Begin XCBuildConfiguration section */
		06E3632322C204FD00E6C01C /* Debug */ = {
			isa = XCBuildConfiguration;
			buildSettings = {
				ALWAYS_SEARCH_USER_PATHS = NO;
				CLANG_ANALYZER_NONNULL = YES;
				CLANG_ANALYZER_NUMBER_OBJECT_CONVERSION = YES_AGGRESSIVE;
				CLANG_CXX_LANGUAGE_STANDARD = "gnu++14";
				CLANG_CXX_LIBRARY = "libc++";
				CLANG_ENABLE_MODULES = YES;
				CLANG_ENABLE_OBJC_ARC = YES;
				CLANG_ENABLE_OBJC_WEAK = YES;
				CLANG_WARN_BLOCK_CAPTURE_AUTORELEASING = YES;
				CLANG_WARN_BOOL_CONVERSION = YES;
				CLANG_WARN_COMMA = YES;
				CLANG_WARN_CONSTANT_CONVERSION = YES;
				CLANG_WARN_DEPRECATED_OBJC_IMPLEMENTATIONS = YES;
				CLANG_WARN_DIRECT_OBJC_ISA_USAGE = YES_ERROR;
				CLANG_WARN_DOCUMENTATION_COMMENTS = YES;
				CLANG_WARN_EMPTY_BODY = YES;
				CLANG_WARN_ENUM_CONVERSION = YES;
				CLANG_WARN_INFINITE_RECURSION = YES;
				CLANG_WARN_INT_CONVERSION = YES;
				CLANG_WARN_NON_LITERAL_NULL_CONVERSION = YES;
				CLANG_WARN_OBJC_IMPLICIT_RETAIN_SELF = YES;
				CLANG_WARN_OBJC_LITERAL_CONVERSION = YES;
				CLANG_WARN_OBJC_ROOT_CLASS = YES_ERROR;
				CLANG_WARN_RANGE_LOOP_ANALYSIS = YES;
				CLANG_WARN_STRICT_PROTOTYPES = YES;
				CLANG_WARN_SUSPICIOUS_MOVE = YES;
				CLANG_WARN_UNGUARDED_AVAILABILITY = YES_AGGRESSIVE;
				CLANG_WARN_UNREACHABLE_CODE = YES;
				CLANG_WARN__DUPLICATE_METHOD_MATCH = YES;
				CODE_SIGN_IDENTITY = "iPhone Developer";
				COPY_PHASE_STRIP = NO;
				DEBUG_INFORMATION_FORMAT = dwarf;
				ENABLE_STRICT_OBJC_MSGSEND = YES;
				ENABLE_TESTABILITY = YES;
				GCC_C_LANGUAGE_STANDARD = gnu11;
				GCC_DYNAMIC_NO_PIC = NO;
				GCC_NO_COMMON_BLOCKS = YES;
				GCC_OPTIMIZATION_LEVEL = 0;
				GCC_PREPROCESSOR_DEFINITIONS = (
					"DEBUG=1",
					"$(inherited)",
				);
				GCC_WARN_64_TO_32_BIT_CONVERSION = YES;
				GCC_WARN_ABOUT_RETURN_TYPE = YES_ERROR;
				GCC_WARN_UNDECLARED_SELECTOR = YES;
				GCC_WARN_UNINITIALIZED_AUTOS = YES_AGGRESSIVE;
				GCC_WARN_UNUSED_FUNCTION = YES;
				GCC_WARN_UNUSED_VARIABLE = YES;
				IPHONEOS_DEPLOYMENT_TARGET = 12.2;
				MTL_ENABLE_DEBUG_INFO = INCLUDE_SOURCE;
				MTL_FAST_MATH = YES;
				ONLY_ACTIVE_ARCH = YES;
				SDKROOT = iphoneos;
				SWIFT_ACTIVE_COMPILATION_CONDITIONS = DEBUG;
				SWIFT_OPTIMIZATION_LEVEL = "-Onone";
			};
			name = Debug;
		};
		06E3632422C204FD00E6C01C /* Release */ = {
			isa = XCBuildConfiguration;
			buildSettings = {
				ALWAYS_SEARCH_USER_PATHS = NO;
				CLANG_ANALYZER_NONNULL = YES;
				CLANG_ANALYZER_NUMBER_OBJECT_CONVERSION = YES_AGGRESSIVE;
				CLANG_CXX_LANGUAGE_STANDARD = "gnu++14";
				CLANG_CXX_LIBRARY = "libc++";
				CLANG_ENABLE_MODULES = YES;
				CLANG_ENABLE_OBJC_ARC = YES;
				CLANG_ENABLE_OBJC_WEAK = YES;
				CLANG_WARN_BLOCK_CAPTURE_AUTORELEASING = YES;
				CLANG_WARN_BOOL_CONVERSION = YES;
				CLANG_WARN_COMMA = YES;
				CLANG_WARN_CONSTANT_CONVERSION = YES;
				CLANG_WARN_DEPRECATED_OBJC_IMPLEMENTATIONS = YES;
				CLANG_WARN_DIRECT_OBJC_ISA_USAGE = YES_ERROR;
				CLANG_WARN_DOCUMENTATION_COMMENTS = YES;
				CLANG_WARN_EMPTY_BODY = YES;
				CLANG_WARN_ENUM_CONVERSION = YES;
				CLANG_WARN_INFINITE_RECURSION = YES;
				CLANG_WARN_INT_CONVERSION = YES;
				CLANG_WARN_NON_LITERAL_NULL_CONVERSION = YES;
				CLANG_WARN_OBJC_IMPLICIT_RETAIN_SELF = YES;
				CLANG_WARN_OBJC_LITERAL_CONVERSION = YES;
				CLANG_WARN_OBJC_ROOT_CLASS = YES_ERROR;
				CLANG_WARN_RANGE_LOOP_ANALYSIS = YES;
				CLANG_WARN_STRICT_PROTOTYPES = YES;
				CLANG_WARN_SUSPICIOUS_MOVE = YES;
				CLANG_WARN_UNGUARDED_AVAILABILITY = YES_AGGRESSIVE;
				CLANG_WARN_UNREACHABLE_CODE = YES;
				CLANG_WARN__DUPLICATE_METHOD_MATCH = YES;
				CODE_SIGN_IDENTITY = "iPhone Developer";
				COPY_PHASE_STRIP = NO;
				DEBUG_INFORMATION_FORMAT = "dwarf-with-dsym";
				ENABLE_NS_ASSERTIONS = NO;
				ENABLE_STRICT_OBJC_MSGSEND = YES;
				GCC_C_LANGUAGE_STANDARD = gnu11;
				GCC_NO_COMMON_BLOCKS = YES;
				GCC_WARN_64_TO_32_BIT_CONVERSION = YES;
				GCC_WARN_ABOUT_RETURN_TYPE = YES_ERROR;
				GCC_WARN_UNDECLARED_SELECTOR = YES;
				GCC_WARN_UNINITIALIZED_AUTOS = YES_AGGRESSIVE;
				GCC_WARN_UNUSED_FUNCTION = YES;
				GCC_WARN_UNUSED_VARIABLE = YES;
				IPHONEOS_DEPLOYMENT_TARGET = 12.2;
				MTL_ENABLE_DEBUG_INFO = NO;
				MTL_FAST_MATH = YES;
				SDKROOT = iphoneos;
				SWIFT_COMPILATION_MODE = wholemodule;
				SWIFT_OPTIMIZATION_LEVEL = "-O";
				VALIDATE_PRODUCT = YES;
			};
			name = Release;
		};
		06E3632622C204FD00E6C01C /* Debug */ = {
			isa = XCBuildConfiguration;
			baseConfigurationReference = D6A967CA1E863BB75BD7C9ED /* Pods-Baby Height Predictor.debug.xcconfig */;
			buildSettings = {
				ASSETCATALOG_COMPILER_APPICON_NAME = AppIcon;
				CODE_SIGN_STYLE = Automatic;
				DEVELOPMENT_TEAM = 9HVHM5PPH2;
				INFOPLIST_FILE = "Baby Height Predictor/Info.plist";
				LD_RUNPATH_SEARCH_PATHS = (
					"$(inherited)",
					"@executable_path/Frameworks",
				);
				PRODUCT_BUNDLE_IDENTIFIER = "TestExamples.Baby-Height-Predictor";
				PRODUCT_NAME = "$(TARGET_NAME)";
				SWIFT_VERSION = 5.0;
				TARGETED_DEVICE_FAMILY = "1,2";
			};
			name = Debug;
		};
		06E3632722C204FD00E6C01C /* Release */ = {
			isa = XCBuildConfiguration;
			baseConfigurationReference = E099D9BC36FF95FE4E62A47A /* Pods-Baby Height Predictor.release.xcconfig */;
			buildSettings = {
				ASSETCATALOG_COMPILER_APPICON_NAME = AppIcon;
				CODE_SIGN_STYLE = Automatic;
				DEVELOPMENT_TEAM = 9HVHM5PPH2;
				INFOPLIST_FILE = "Baby Height Predictor/Info.plist";
				LD_RUNPATH_SEARCH_PATHS = (
					"$(inherited)",
					"@executable_path/Frameworks",
				);
				PRODUCT_BUNDLE_IDENTIFIER = "TestExamples.Baby-Height-Predictor";
				PRODUCT_NAME = "$(TARGET_NAME)";
				SWIFT_VERSION = 5.0;
				TARGETED_DEVICE_FAMILY = "1,2";
			};
			name = Release;
		};
/* End XCBuildConfiguration section */

/* Begin XCConfigurationList section */
		06E3630E22C204EC00E6C01C /* Build configuration list for PBXProject "Baby Height Predictor" */ = {
			isa = XCConfigurationList;
			buildConfigurations = (
				06E3632322C204FD00E6C01C /* Debug */,
				06E3632422C204FD00E6C01C /* Release */,
			);
			defaultConfigurationIsVisible = 0;
			defaultConfigurationName = Release;
		};
		06E3632522C204FD00E6C01C /* Build configuration list for PBXNativeTarget "Baby Height Predictor" */ = {
			isa = XCConfigurationList;
			buildConfigurations = (
				06E3632622C204FD00E6C01C /* Debug */,
				06E3632722C204FD00E6C01C /* Release */,
			);
			defaultConfigurationIsVisible = 0;
			defaultConfigurationName = Release;
		};
/* End XCConfigurationList section */
	};
	rootObject = 06E3630B22C204EC00E6C01C /* Project object */;
}
