// !$*UTF8*$!
{
	archiveVersion = 1;
	classes = {
	};
	objectVersion = 50;
	objects = {

/* Begin PBXBuildFile section */
		C1A3A7FA26159EF5003EB67F /* AppDelegate.swift in Sources */ = {isa = PBXBuildFile; fileRef = C1A3A7F926159EF5003EB67F /* AppDelegate.swift */; };
		C1A3A7FC26159EF5003EB67F /* SceneDelegate.swift in Sources */ = {isa = PBXBuildFile; fileRef = C1A3A7FB26159EF5003EB67F /* SceneDelegate.swift */; };
		C1A3A7FE26159EF5003EB67F /* ViewController.swift in Sources */ = {isa = PBXBuildFile; fileRef = C1A3A7FD26159EF5003EB67F /* ViewController.swift */; };
		C1A3A80126159EF5003EB67F /* Main.storyboard in Resources */ = {isa = PBXBuildFile; fileRef = C1A3A7FF26159EF5003EB67F /* Main.storyboard */; };
		C1A3A80326159EF8003EB67F /* Assets.xcassets in Resources */ = {isa = PBXBuildFile; fileRef = C1A3A80226159EF8003EB67F /* Assets.xcassets */; };
		C1A3A80626159EF8003EB67F /* LaunchScreen.storyboard in Resources */ = {isa = PBXBuildFile; fileRef = C1A3A80426159EF8003EB67F /* LaunchScreen.storyboard */; };
/* End PBXBuildFile section */

/* Begin PBXFileReference section */
		C1A3A7F626159EF5003EB67F /* Material-Showcase-SpotLightExample.app */ = {isa = PBXFileReference; explicitFileType = wrapper.application; includeInIndex = 0; path = "Material-Showcase-SpotLightExample.app"; sourceTree = BUILT_PRODUCTS_DIR; };
		C1A3A7F926159EF5003EB67F /* AppDelegate.swift */ = {isa = PBXFileReference; lastKnownFileType = sourcecode.swift; path = AppDelegate.swift; sourceTree = "<group>"; };
		C1A3A7FB26159EF5003EB67F /* SceneDelegate.swift */ = {isa = PBXFileReference; lastKnownFileType = sourcecode.swift; path = SceneDelegate.swift; sourceTree = "<group>"; };
		C1A3A7FD26159EF5003EB67F /* ViewController.swift */ = {isa = PBXFileReference; lastKnownFileType = sourcecode.swift; path = ViewController.swift; sourceTree = "<group>"; };
		C1A3A80026159EF5003EB67F /* Base */ = {isa = PBXFileReference; lastKnownFileType = file.storyboard; name = Base; path = Base.lproj/Main.storyboard; sourceTree = "<group>"; };
		C1A3A80226159EF8003EB67F /* Assets.xcassets */ = {isa = PBXFileReference; lastKnownFileType = folder.assetcatalog; path = Assets.xcassets; sourceTree = "<group>"; };
		C1A3A80526159EF8003EB67F /* Base */ = {isa = PBXFileReference; lastKnownFileType = file.storyboard; name = Base; path = Base.lproj/LaunchScreen.storyboard; sourceTree = "<group>"; };
		C1A3A80726159EF8003EB67F /* Info.plist */ = {isa = PBXFileReference; lastKnownFileType = text.plist.xml; path = Info.plist; sourceTree = "<group>"; };
/* End PBXFileReference section */

/* Begin PBXFrameworksBuildPhase section */
		C1A3A7F326159EF5003EB67F /* Frameworks */ = {
			isa = PBXFrameworksBuildPhase;
			buildActionMask = 2147483647;
			files = (
			);
			runOnlyForDeploymentPostprocessing = 0;
		};
/* End PBXFrameworksBuildPhase section */

/* Begin PBXGroup section */
		C1A3A7ED26159EF5003EB67F = {
			isa = PBXGroup;
			children = (
				C1A3A7F826159EF5003EB67F /* Material-Showcase-SpotLightExample */,
				C1A3A7F726159EF5003EB67F /* Products */,
			);
			sourceTree = "<group>";
		};
		C1A3A7F726159EF5003EB67F /* Products */ = {
			isa = PBXGroup;
			children = (
				C1A3A7F626159EF5003EB67F /* Material-Showcase-SpotLightExample.app */,
			);
			name = Products;
			sourceTree = "<group>";
		};
		C1A3A7F826159EF5003EB67F /* Material-Showcase-SpotLightExample */ = {
			isa = PBXGroup;
			children = (
				C1A3A7F926159EF5003EB67F /* AppDelegate.swift */,
				C1A3A7FB26159EF5003EB67F /* SceneDelegate.swift */,
				C1A3A7FD26159EF5003EB67F /* ViewController.swift */,
				C1A3A7FF26159EF5003EB67F /* Main.storyboard */,
				C1A3A80226159EF8003EB67F /* Assets.xcassets */,
				C1A3A80426159EF8003EB67F /* LaunchScreen.storyboard */,
				C1A3A80726159EF8003EB67F /* Info.plist */,
			);
			path = "Material-Showcase-SpotLightExample";
			sourceTree = "<group>";
		};
/* End PBXGroup section */

/* Begin PBXNativeTarget section */
		C1A3A7F526159EF5003EB67F /* Material-Showcase-SpotLightExample */ = {
			isa = PBXNativeTarget;
			buildConfigurationList = C1A3A80A26159EF8003EB67F /* Build configuration list for PBXNativeTarget "Material-Showcase-SpotLightExample" */;
			buildPhases = (
				C1A3A7F226159EF5003EB67F /* Sources */,
				C1A3A7F326159EF5003EB67F /* Frameworks */,
				C1A3A7F426159EF5003EB67F /* Resources */,
			);
			buildRules = (
			);
			dependencies = (
			);
			name = "Material-Showcase-SpotLightExample";
			productName = "Material-Showcase-SpotLightExample";
			productReference = C1A3A7F626159EF5003EB67F /* Material-Showcase-SpotLightExample.app */;
			productType = "com.apple.product-type.application";
		};
/* End PBXNativeTarget section */

/* Begin PBXProject section */
		C1A3A7EE26159EF5003EB67F /* Project object */ = {
			isa = PBXProject;
			attributes = {
				LastSwiftUpdateCheck = 1240;
				LastUpgradeCheck = 1240;
				TargetAttributes = {
					C1A3A7F526159EF5003EB67F = {
						CreatedOnToolsVersion = 12.4;
					};
				};
			};
			buildConfigurationList = C1A3A7F126159EF5003EB67F /* Build configuration list for PBXProject "Material-Showcase-SpotLightExample" */;
			compatibilityVersion = "Xcode 9.3";
			developmentRegion = en;
			hasScannedForEncodings = 0;
			knownRegions = (
				en,
				Base,
			);
			mainGroup = C1A3A7ED26159EF5003EB67F;
			productRefGroup = C1A3A7F726159EF5003EB67F /* Products */;
			projectDirPath = "";
			projectRoot = "";
			targets = (
				C1A3A7F526159EF5003EB67F /* Material-Showcase-SpotLightExample */,
			);
		};
/* End PBXProject section */

/* Begin PBXResourcesBuildPhase section */
		C1A3A7F426159EF5003EB67F /* Resources */ = {
			isa = PBXResourcesBuildPhase;
			buildActionMask = 2147483647;
			files = (
				C1A3A80626159EF8003EB67F /* LaunchScreen.storyboard in Resources */,
				C1A3A80326159EF8003EB67F /* Assets.xcassets in Resources */,
				C1A3A80126159EF5003EB67F /* Main.storyboard in Resources */,
			);
			runOnlyForDeploymentPostprocessing = 0;
		};
/* End PBXResourcesBuildPhase section */

/* Begin PBXSourcesBuildPhase section */
		C1A3A7F226159EF5003EB67F /* Sources */ = {
			isa = PBXSourcesBuildPhase;
			buildActionMask = 2147483647;
			files = (
				C1A3A7FE26159EF5003EB67F /* ViewController.swift in Sources */,
				C1A3A7FA26159EF5003EB67F /* AppDelegate.swift in Sources */,
				C1A3A7FC26159EF5003EB67F /* SceneDelegate.swift in Sources */,
			);
			runOnlyForDeploymentPostprocessing = 0;
		};
/* End PBXSourcesBuildPhase section */

/* Begin PBXVariantGroup section */
		C1A3A7FF26159EF5003EB67F /* Main.storyboard */ = {
			isa = PBXVariantGroup;
			children = (
				C1A3A80026159EF5003EB67F /* Base */,
			);
			name = Main.storyboard;
			sourceTree = "<group>";
		};
		C1A3A80426159EF8003EB67F /* LaunchScreen.storyboard */ = {
			isa = PBXVariantGroup;
			children = (
				C1A3A80526159EF8003EB67F /* Base */,
			);
			name = LaunchScreen.storyboard;
			sourceTree = "<group>";
		};
/* End PBXVariantGroup section */

/* Begin XCBuildConfiguration section */
		C1A3A80826159EF8003EB67F /* Debug */ = {
			isa = XCBuildConfiguration;
			buildSettings = {
				ALWAYS_SEARCH_USER_PATHS = NO;
				CLANG_ANALYZER_NONNULL = YES;
				CLANG_ANALYZER_NUMBER_OBJECT_CONVERSION = YES_AGGRESSIVE;
				CLANG_CXX_LANGUAGE_STANDARD = "gnu++14";
				CLANG_CXX_LIBRARY = "libc++";
				CLANG_ENABLE_MODULES = YES;
				CLANG_ENABLE_OBJC_ARC = YES;
				CLANG_ENABLE_OBJC_WEAK = YES;
				CLANG_WARN_BLOCK_CAPTURE_AUTORELEASING = YES;
				CLANG_WARN_BOOL_CONVERSION = YES;
				CLANG_WARN_COMMA = YES;
				CLANG_WARN_CONSTANT_CONVERSION = YES;
				CLANG_WARN_DEPRECATED_OBJC_IMPLEMENTATIONS = YES;
				CLANG_WARN_DIRECT_OBJC_ISA_USAGE = YES_ERROR;
				CLANG_WARN_DOCUMENTATION_COMMENTS = YES;
				CLANG_WARN_EMPTY_BODY = YES;
				CLANG_WARN_ENUM_CONVERSION = YES;
				CLANG_WARN_INFINITE_RECURSION = YES;
				CLANG_WARN_INT_CONVERSION = YES;
				CLANG_WARN_NON_LITERAL_NULL_CONVERSION = YES;
				CLANG_WARN_OBJC_IMPLICIT_RETAIN_SELF = YES;
				CLANG_WARN_OBJC_LITERAL_CONVERSION = YES;
				CLANG_WARN_OBJC_ROOT_CLASS = YES_ERROR;
				CLANG_WARN_QUOTED_INCLUDE_IN_FRAMEWORK_HEADER = YES;
				CLANG_WARN_RANGE_LOOP_ANALYSIS = YES;
				CLANG_WARN_STRICT_PROTOTYPES = YES;
				CLANG_WARN_SUSPICIOUS_MOVE = YES;
				CLANG_WARN_UNGUARDED_AVAILABILITY = YES_AGGRESSIVE;
				CLANG_WARN_UNREACHABLE_CODE = YES;
				CLANG_WARN__DUPLICATE_METHOD_MATCH = YES;
				COPY_PHASE_STRIP = NO;
				DEBUG_INFORMATION_FORMAT = dwarf;
				ENABLE_STRICT_OBJC_MSGSEND = YES;
				ENABLE_TESTABILITY = YES;
				GCC_C_LANGUAGE_STANDARD = gnu11;
				GCC_DYNAMIC_NO_PIC = NO;
				GCC_NO_COMMON_BLOCKS = YES;
				GCC_OPTIMIZATION_LEVEL = 0;
				GCC_PREPROCESSOR_DEFINITIONS = (
					"DEBUG=1",
					"$(inherited)",
				);
				GCC_WARN_64_TO_32_BIT_CONVERSION = YES;
				GCC_WARN_ABOUT_RETURN_TYPE = YES_ERROR;
				GCC_WARN_UNDECLARED_SELECTOR = YES;
				GCC_WARN_UNINITIALIZED_AUTOS = YES_AGGRESSIVE;
				GCC_WARN_UNUSED_FUNCTION = YES;
				GCC_WARN_UNUSED_VARIABLE = YES;
				IPHONEOS_DEPLOYMENT_TARGET = 14.4;
				MTL_ENABLE_DEBUG_INFO = INCLUDE_SOURCE;
				MTL_FAST_MATH = YES;
				ONLY_ACTIVE_ARCH = YES;
				SDKROOT = iphoneos;
				SWIFT_ACTIVE_COMPILATION_CONDITIONS = DEBUG;
				SWIFT_OPTIMIZATION_LEVEL = "-Onone";
			};
			name = Debug;
		};
		C1A3A80926159EF8003EB67F /* Release */ = {
			isa = XCBuildConfiguration;
			buildSettings = {
				ALWAYS_SEARCH_USER_PATHS = NO;
				CLANG_ANALYZER_NONNULL = YES;
				CLANG_ANALYZER_NUMBER_OBJECT_CONVERSION = YES_AGGRESSIVE;
				CLANG_CXX_LANGUAGE_STANDARD = "gnu++14";
				CLANG_CXX_LIBRARY = "libc++";
				CLANG_ENABLE_MODULES = YES;
				CLANG_ENABLE_OBJC_ARC = YES;
				CLANG_ENABLE_OBJC_WEAK = YES;
				CLANG_WARN_BLOCK_CAPTURE_AUTORELEASING = YES;
				CLANG_WARN_BOOL_CONVERSION = YES;
				CLANG_WARN_COMMA = YES;
				CLANG_WARN_CONSTANT_CONVERSION = YES;
				CLANG_WARN_DEPRECATED_OBJC_IMPLEMENTATIONS = YES;
				CLANG_WARN_DIRECT_OBJC_ISA_USAGE = YES_ERROR;
				CLANG_WARN_DOCUMENTATION_COMMENTS = YES;
				CLANG_WARN_EMPTY_BODY = YES;
				CLANG_WARN_ENUM_CONVERSION = YES;
				CLANG_WARN_INFINITE_RECURSION = YES;
				CLANG_WARN_INT_CONVERSION = YES;
				CLANG_WARN_NON_LITERAL_NULL_CONVERSION = YES;
				CLANG_WARN_OBJC_IMPLICIT_RETAIN_SELF = YES;
				CLANG_WARN_OBJC_LITERAL_CONVERSION = YES;
				CLANG_WARN_OBJC_ROOT_CLASS = YES_ERROR;
				CLANG_WARN_QUOTED_INCLUDE_IN_FRAMEWORK_HEADER = YES;
				CLANG_WARN_RANGE_LOOP_ANALYSIS = YES;
				CLANG_WARN_STRICT_PROTOTYPES = YES;
				CLANG_WARN_SUSPICIOUS_MOVE = YES;
				CLANG_WARN_UNGUARDED_AVAILABILITY = YES_AGGRESSIVE;
				CLANG_WARN_UNREACHABLE_CODE = YES;
				CLANG_WARN__DUPLICATE_METHOD_MATCH = YES;
				COPY_PHASE_STRIP = NO;
				DEBUG_INFORMATION_FORMAT = "dwarf-with-dsym";
				ENABLE_NS_ASSERTIONS = NO;
				ENABLE_STRICT_OBJC_MSGSEND = YES;
				GCC_C_LANGUAGE_STANDARD = gnu11;
				GCC_NO_COMMON_BLOCKS = YES;
				GCC_WARN_64_TO_32_BIT_CONVERSION = YES;
				GCC_WARN_ABOUT_RETURN_TYPE = YES_ERROR;
				GCC_WARN_UNDECLARED_SELECTOR = YES;
				GCC_WARN_UNINITIALIZED_AUTOS = YES_AGGRESSIVE;
				GCC_WARN_UNUSED_FUNCTION = YES;
				GCC_WARN_UNUSED_VARIABLE = YES;
				IPHONEOS_DEPLOYMENT_TARGET = 14.4;
				MTL_ENABLE_DEBUG_INFO = NO;
				MTL_FAST_MATH = YES;
				SDKROOT = iphoneos;
				SWIFT_COMPILATION_MODE = wholemodule;
				SWIFT_OPTIMIZATION_LEVEL = "-O";
				VALIDATE_PRODUCT = YES;
			};
			name = Release;
		};
		C1A3A80B26159EF8003EB67F /* Debug */ = {
			isa = XCBuildConfiguration;
			buildSettings = {
				ASSETCATALOG_COMPILER_APPICON_NAME = AppIcon;
				ASSETCATALOG_COMPILER_GLOBAL_ACCENT_COLOR_NAME = AccentColor;
				CODE_SIGN_STYLE = Automatic;
				DEVELOPMENT_TEAM = LR4QG85CZD;
				INFOPLIST_FILE = "Material-Showcase-SpotLightExample/Info.plist";
				LD_RUNPATH_SEARCH_PATHS = (
					"$(inherited)",
					"@executable_path/Frameworks",
				);
				PRODUCT_BUNDLE_IDENTIFIER = "mallikarjun.Material-Showcase-SpotLightExample";
				PRODUCT_NAME = "$(TARGET_NAME)";
				SWIFT_VERSION = 5.0;
				TARGETED_DEVICE_FAMILY = "1,2";
			};
			name = Debug;
		};
		C1A3A80C26159EF8003EB67F /* Release */ = {
			isa = XCBuildConfiguration;
			buildSettings = {
				ASSETCATALOG_COMPILER_APPICON_NAME = AppIcon;
				ASSETCATALOG_COMPILER_GLOBAL_ACCENT_COLOR_NAME = AccentColor;
				CODE_SIGN_STYLE = Automatic;
				DEVELOPMENT_TEAM = LR4QG85CZD;
				INFOPLIST_FILE = "Material-Showcase-SpotLightExample/Info.plist";
				LD_RUNPATH_SEARCH_PATHS = (
					"$(inherited)",
					"@executable_path/Frameworks",
				);
				PRODUCT_BUNDLE_IDENTIFIER = "mallikarjun.Material-Showcase-SpotLightExample";
				PRODUCT_NAME = "$(TARGET_NAME)";
				SWIFT_VERSION = 5.0;
				TARGETED_DEVICE_FAMILY = "1,2";
			};
			name = Release;
		};
/* End XCBuildConfiguration section */

/* Begin XCConfigurationList section */
		C1A3A7F126159EF5003EB67F /* Build configuration list for PBXProject "Material-Showcase-SpotLightExample" */ = {
			isa = XCConfigurationList;
			buildConfigurations = (
				C1A3A80826159EF8003EB67F /* Debug */,
				C1A3A80926159EF8003EB67F /* Release */,
			);
			defaultConfigurationIsVisible = 0;
			defaultConfigurationName = Release;
		};
		C1A3A80A26159EF8003EB67F /* Build configuration list for PBXNativeTarget "Material-Showcase-SpotLightExample" */ = {
			isa = XCConfigurationList;
			buildConfigurations = (
				C1A3A80B26159EF8003EB67F /* Debug */,
				C1A3A80C26159EF8003EB67F /* Release */,
			);
			defaultConfigurationIsVisible = 0;
			defaultConfigurationName = Release;
		};
/* End XCConfigurationList section */
	};
	rootObject = C1A3A7EE26159EF5003EB67F /* Project object */;
}
