// !$*UTF8*$!
{
	archiveVersion = 1;
	classes = {
	};
	objectVersion = 50;
	objects = {

/* Begin PBXBuildFile section */
		0625031022BD008E001743AE /* BodyFatCalculatorResult.swift in Sources */ = {isa = PBXBuildFile; fileRef = 0625030F22BD008E001743AE /* BodyFatCalculatorResult.swift */; };
		0625031222BD00AB001743AE /* BodyFatCalculatorResultCells.swift in Sources */ = {isa = PBXBuildFile; fileRef = 0625031122BD00AB001743AE /* BodyFatCalculatorResultCells.swift */; };
		065ED87A22BB583C00C65D0D /* AppDelegate.swift in Sources */ = {isa = PBXBuildFile; fileRef = 065ED87922BB583C00C65D0D /* AppDelegate.swift */; };
		065ED87C22BB583C00C65D0D /* ViewController.swift in Sources */ = {isa = PBXBuildFile; fileRef = 065ED87B22BB583C00C65D0D /* ViewController.swift */; };
		065ED87F22BB583C00C65D0D /* Main.storyboard in Resources */ = {isa = PBXBuildFile; fileRef = 065ED87D22BB583C00C65D0D /* Main.storyboard */; };
		065ED88122BB585100C65D0D /* Assets.xcassets in Resources */ = {isa = PBXBuildFile; fileRef = 065ED88022BB585100C65D0D /* Assets.xcassets */; };
		065ED88422BB585100C65D0D /* LaunchScreen.storyboard in Resources */ = {isa = PBXBuildFile; fileRef = 065ED88222BB585100C65D0D /* LaunchScreen.storyboard */; };
		065ED88C22BB5BE000C65D0D /* TableViewCells.swift in Sources */ = {isa = PBXBuildFile; fileRef = 065ED88B22BB5BE000C65D0D /* TableViewCells.swift */; };
/* End PBXBuildFile section */

/* Begin PBXFileReference section */
		0625030F22BD008E001743AE /* BodyFatCalculatorResult.swift */ = {isa = PBXFileReference; lastKnownFileType = sourcecode.swift; path = BodyFatCalculatorResult.swift; sourceTree = "<group>"; };
		0625031122BD00AB001743AE /* BodyFatCalculatorResultCells.swift */ = {isa = PBXFileReference; lastKnownFileType = sourcecode.swift; path = BodyFatCalculatorResultCells.swift; sourceTree = "<group>"; };
		065ED87622BB583C00C65D0D /* Body Fat Calculator.app */ = {isa = PBXFileReference; explicitFileType = wrapper.application; includeInIndex = 0; path = "Body Fat Calculator.app"; sourceTree = BUILT_PRODUCTS_DIR; };
		065ED87922BB583C00C65D0D /* AppDelegate.swift */ = {isa = PBXFileReference; lastKnownFileType = sourcecode.swift; path = AppDelegate.swift; sourceTree = "<group>"; };
		065ED87B22BB583C00C65D0D /* ViewController.swift */ = {isa = PBXFileReference; lastKnownFileType = sourcecode.swift; path = ViewController.swift; sourceTree = "<group>"; };
		065ED87E22BB583C00C65D0D /* Base */ = {isa = PBXFileReference; lastKnownFileType = file.storyboard; name = Base; path = Base.lproj/Main.storyboard; sourceTree = "<group>"; };
		065ED88022BB585100C65D0D /* Assets.xcassets */ = {isa = PBXFileReference; lastKnownFileType = folder.assetcatalog; path = Assets.xcassets; sourceTree = "<group>"; };
		065ED88322BB585100C65D0D /* Base */ = {isa = PBXFileReference; lastKnownFileType = file.storyboard; name = Base; path = Base.lproj/LaunchScreen.storyboard; sourceTree = "<group>"; };
		065ED88522BB585100C65D0D /* Info.plist */ = {isa = PBXFileReference; lastKnownFileType = text.plist.xml; path = Info.plist; sourceTree = "<group>"; };
		065ED88B22BB5BE000C65D0D /* TableViewCells.swift */ = {isa = PBXFileReference; lastKnownFileType = sourcecode.swift; path = TableViewCells.swift; sourceTree = "<group>"; };
/* End PBXFileReference section */

/* Begin PBXFrameworksBuildPhase section */
		065ED87322BB583C00C65D0D /* Frameworks */ = {
			isa = PBXFrameworksBuildPhase;
			buildActionMask = 2147483647;
			files = (
			);
			runOnlyForDeploymentPostprocessing = 0;
		};
/* End PBXFrameworksBuildPhase section */

/* Begin PBXGroup section */
		0625030D22BCFFBF001743AE /* TestVC */ = {
			isa = PBXGroup;
			children = (
				0625030F22BD008E001743AE /* BodyFatCalculatorResult.swift */,
				0625031122BD00AB001743AE /* BodyFatCalculatorResultCells.swift */,
			);
			path = TestVC;
			sourceTree = "<group>";
		};
		0625030E22BCFFC8001743AE /* BFC */ = {
			isa = PBXGroup;
			children = (
				065ED87B22BB583C00C65D0D /* ViewController.swift */,
				065ED88B22BB5BE000C65D0D /* TableViewCells.swift */,
			);
			path = BFC;
			sourceTree = "<group>";
		};
		065ED86D22BB583B00C65D0D = {
			isa = PBXGroup;
			children = (
				065ED87822BB583C00C65D0D /* Body Fat Calculator */,
				065ED87722BB583C00C65D0D /* Products */,
			);
			sourceTree = "<group>";
		};
		065ED87722BB583C00C65D0D /* Products */ = {
			isa = PBXGroup;
			children = (
				065ED87622BB583C00C65D0D /* Body Fat Calculator.app */,
			);
			name = Products;
			sourceTree = "<group>";
		};
		065ED87822BB583C00C65D0D /* Body Fat Calculator */ = {
			isa = PBXGroup;
			children = (
				065ED87922BB583C00C65D0D /* AppDelegate.swift */,
				0625030E22BCFFC8001743AE /* BFC */,
				0625030D22BCFFBF001743AE /* TestVC */,
				065ED87D22BB583C00C65D0D /* Main.storyboard */,
				065ED88022BB585100C65D0D /* Assets.xcassets */,
				065ED88222BB585100C65D0D /* LaunchScreen.storyboard */,
				065ED88522BB585100C65D0D /* Info.plist */,
			);
			path = "Body Fat Calculator";
			sourceTree = "<group>";
		};
/* End PBXGroup section */

/* Begin PBXNativeTarget section */
		065ED87522BB583C00C65D0D /* Body Fat Calculator */ = {
			isa = PBXNativeTarget;
			buildConfigurationList = 065ED88822BB585100C65D0D /* Build configuration list for PBXNativeTarget "Body Fat Calculator" */;
			buildPhases = (
				065ED87222BB583C00C65D0D /* Sources */,
				065ED87322BB583C00C65D0D /* Frameworks */,
				065ED87422BB583C00C65D0D /* Resources */,
			);
			buildRules = (
			);
			dependencies = (
			);
			name = "Body Fat Calculator";
			productName = "Body Fat Calculator";
			productReference = 065ED87622BB583C00C65D0D /* Body Fat Calculator.app */;
			productType = "com.apple.product-type.application";
		};
/* End PBXNativeTarget section */

/* Begin PBXProject section */
		065ED86E22BB583B00C65D0D /* Project object */ = {
			isa = PBXProject;
			attributes = {
				LastSwiftUpdateCheck = 1020;
				LastUpgradeCheck = 1020;
				ORGANIZATIONNAME = "Mallikarjun H";
				TargetAttributes = {
					065ED87522BB583C00C65D0D = {
						CreatedOnToolsVersion = 10.2.1;
					};
				};
			};
			buildConfigurationList = 065ED87122BB583B00C65D0D /* Build configuration list for PBXProject "Body Fat Calculator" */;
			compatibilityVersion = "Xcode 9.3";
			developmentRegion = en;
			hasScannedForEncodings = 0;
			knownRegions = (
				en,
				Base,
			);
			mainGroup = 065ED86D22BB583B00C65D0D;
			productRefGroup = 065ED87722BB583C00C65D0D /* Products */;
			projectDirPath = "";
			projectRoot = "";
			targets = (
				065ED87522BB583C00C65D0D /* Body Fat Calculator */,
			);
		};
/* End PBXProject section */

/* Begin PBXResourcesBuildPhase section */
		065ED87422BB583C00C65D0D /* Resources */ = {
			isa = PBXResourcesBuildPhase;
			buildActionMask = 2147483647;
			files = (
				065ED88422BB585100C65D0D /* LaunchScreen.storyboard in Resources */,
				065ED88122BB585100C65D0D /* Assets.xcassets in Resources */,
				065ED87F22BB583C00C65D0D /* Main.storyboard in Resources */,
			);
			runOnlyForDeploymentPostprocessing = 0;
		};
/* End PBXResourcesBuildPhase section */

/* Begin PBXSourcesBuildPhase section */
		065ED87222BB583C00C65D0D /* Sources */ = {
			isa = PBXSourcesBuildPhase;
			buildActionMask = 2147483647;
			files = (
				065ED87C22BB583C00C65D0D /* ViewController.swift in Sources */,
				0625031222BD00AB001743AE /* BodyFatCalculatorResultCells.swift in Sources */,
				065ED88C22BB5BE000C65D0D /* TableViewCells.swift in Sources */,
				0625031022BD008E001743AE /* BodyFatCalculatorResult.swift in Sources */,
				065ED87A22BB583C00C65D0D /* AppDelegate.swift in Sources */,
			);
			runOnlyForDeploymentPostprocessing = 0;
		};
/* End PBXSourcesBuildPhase section */

/* Begin PBXVariantGroup section */
		065ED87D22BB583C00C65D0D /* Main.storyboard */ = {
			isa = PBXVariantGroup;
			children = (
				065ED87E22BB583C00C65D0D /* Base */,
			);
			name = Main.storyboard;
			sourceTree = "<group>";
		};
		065ED88222BB585100C65D0D /* LaunchScreen.storyboard */ = {
			isa = PBXVariantGroup;
			children = (
				065ED88322BB585100C65D0D /* Base */,
			);
			name = LaunchScreen.storyboard;
			sourceTree = "<group>";
		};
/* End PBXVariantGroup section */

/* Begin XCBuildConfiguration section */
		065ED88622BB585100C65D0D /* Debug */ = {
			isa = XCBuildConfiguration;
			buildSettings = {
				ALWAYS_SEARCH_USER_PATHS = NO;
				CLANG_ANALYZER_NONNULL = YES;
				CLANG_ANALYZER_NUMBER_OBJECT_CONVERSION = YES_AGGRESSIVE;
				CLANG_CXX_LANGUAGE_STANDARD = "gnu++14";
				CLANG_CXX_LIBRARY = "libc++";
				CLANG_ENABLE_MODULES = YES;
				CLANG_ENABLE_OBJC_ARC = YES;
				CLANG_ENABLE_OBJC_WEAK = YES;
				CLANG_WARN_BLOCK_CAPTURE_AUTORELEASING = YES;
				CLANG_WARN_BOOL_CONVERSION = YES;
				CLANG_WARN_COMMA = YES;
				CLANG_WARN_CONSTANT_CONVERSION = YES;
				CLANG_WARN_DEPRECATED_OBJC_IMPLEMENTATIONS = YES;
				CLANG_WARN_DIRECT_OBJC_ISA_USAGE = YES_ERROR;
				CLANG_WARN_DOCUMENTATION_COMMENTS = YES;
				CLANG_WARN_EMPTY_BODY = YES;
				CLANG_WARN_ENUM_CONVERSION = YES;
				CLANG_WARN_INFINITE_RECURSION = YES;
				CLANG_WARN_INT_CONVERSION = YES;
				CLANG_WARN_NON_LITERAL_NULL_CONVERSION = YES;
				CLANG_WARN_OBJC_IMPLICIT_RETAIN_SELF = YES;
				CLANG_WARN_OBJC_LITERAL_CONVERSION = YES;
				CLANG_WARN_OBJC_ROOT_CLASS = YES_ERROR;
				CLANG_WARN_RANGE_LOOP_ANALYSIS = YES;
				CLANG_WARN_STRICT_PROTOTYPES = YES;
				CLANG_WARN_SUSPICIOUS_MOVE = YES;
				CLANG_WARN_UNGUARDED_AVAILABILITY = YES_AGGRESSIVE;
				CLANG_WARN_UNREACHABLE_CODE = YES;
				CLANG_WARN__DUPLICATE_METHOD_MATCH = YES;
				CODE_SIGN_IDENTITY = "iPhone Developer";
				COPY_PHASE_STRIP = NO;
				DEBUG_INFORMATION_FORMAT = dwarf;
				ENABLE_STRICT_OBJC_MSGSEND = YES;
				ENABLE_TESTABILITY = YES;
				GCC_C_LANGUAGE_STANDARD = gnu11;
				GCC_DYNAMIC_NO_PIC = NO;
				GCC_NO_COMMON_BLOCKS = YES;
				GCC_OPTIMIZATION_LEVEL = 0;
				GCC_PREPROCESSOR_DEFINITIONS = (
					"DEBUG=1",
					"$(inherited)",
				);
				GCC_WARN_64_TO_32_BIT_CONVERSION = YES;
				GCC_WARN_ABOUT_RETURN_TYPE = YES_ERROR;
				GCC_WARN_UNDECLARED_SELECTOR = YES;
				GCC_WARN_UNINITIALIZED_AUTOS = YES_AGGRESSIVE;
				GCC_WARN_UNUSED_FUNCTION = YES;
				GCC_WARN_UNUSED_VARIABLE = YES;
				IPHONEOS_DEPLOYMENT_TARGET = 12.2;
				MTL_ENABLE_DEBUG_INFO = INCLUDE_SOURCE;
				MTL_FAST_MATH = YES;
				ONLY_ACTIVE_ARCH = YES;
				SDKROOT = iphoneos;
				SWIFT_ACTIVE_COMPILATION_CONDITIONS = DEBUG;
				SWIFT_OPTIMIZATION_LEVEL = "-Onone";
			};
			name = Debug;
		};
		065ED88722BB585100C65D0D /* Release */ = {
			isa = XCBuildConfiguration;
			buildSettings = {
				ALWAYS_SEARCH_USER_PATHS = NO;
				CLANG_ANALYZER_NONNULL = YES;
				CLANG_ANALYZER_NUMBER_OBJECT_CONVERSION = YES_AGGRESSIVE;
				CLANG_CXX_LANGUAGE_STANDARD = "gnu++14";
				CLANG_CXX_LIBRARY = "libc++";
				CLANG_ENABLE_MODULES = YES;
				CLANG_ENABLE_OBJC_ARC = YES;
				CLANG_ENABLE_OBJC_WEAK = YES;
				CLANG_WARN_BLOCK_CAPTURE_AUTORELEASING = YES;
				CLANG_WARN_BOOL_CONVERSION = YES;
				CLANG_WARN_COMMA = YES;
				CLANG_WARN_CONSTANT_CONVERSION = YES;
				CLANG_WARN_DEPRECATED_OBJC_IMPLEMENTATIONS = YES;
				CLANG_WARN_DIRECT_OBJC_ISA_USAGE = YES_ERROR;
				CLANG_WARN_DOCUMENTATION_COMMENTS = YES;
				CLANG_WARN_EMPTY_BODY = YES;
				CLANG_WARN_ENUM_CONVERSION = YES;
				CLANG_WARN_INFINITE_RECURSION = YES;
				CLANG_WARN_INT_CONVERSION = YES;
				CLANG_WARN_NON_LITERAL_NULL_CONVERSION = YES;
				CLANG_WARN_OBJC_IMPLICIT_RETAIN_SELF = YES;
				CLANG_WARN_OBJC_LITERAL_CONVERSION = YES;
				CLANG_WARN_OBJC_ROOT_CLASS = YES_ERROR;
				CLANG_WARN_RANGE_LOOP_ANALYSIS = YES;
				CLANG_WARN_STRICT_PROTOTYPES = YES;
				CLANG_WARN_SUSPICIOUS_MOVE = YES;
				CLANG_WARN_UNGUARDED_AVAILABILITY = YES_AGGRESSIVE;
				CLANG_WARN_UNREACHABLE_CODE = YES;
				CLANG_WARN__DUPLICATE_METHOD_MATCH = YES;
				CODE_SIGN_IDENTITY = "iPhone Developer";
				COPY_PHASE_STRIP = NO;
				DEBUG_INFORMATION_FORMAT = "dwarf-with-dsym";
				ENABLE_NS_ASSERTIONS = NO;
				ENABLE_STRICT_OBJC_MSGSEND = YES;
				GCC_C_LANGUAGE_STANDARD = gnu11;
				GCC_NO_COMMON_BLOCKS = YES;
				GCC_WARN_64_TO_32_BIT_CONVERSION = YES;
				GCC_WARN_ABOUT_RETURN_TYPE = YES_ERROR;
				GCC_WARN_UNDECLARED_SELECTOR = YES;
				GCC_WARN_UNINITIALIZED_AUTOS = YES_AGGRESSIVE;
				GCC_WARN_UNUSED_FUNCTION = YES;
				GCC_WARN_UNUSED_VARIABLE = YES;
				IPHONEOS_DEPLOYMENT_TARGET = 12.2;
				MTL_ENABLE_DEBUG_INFO = NO;
				MTL_FAST_MATH = YES;
				SDKROOT = iphoneos;
				SWIFT_COMPILATION_MODE = wholemodule;
				SWIFT_OPTIMIZATION_LEVEL = "-O";
				VALIDATE_PRODUCT = YES;
			};
			name = Release;
		};
		065ED88922BB585100C65D0D /* Debug */ = {
			isa = XCBuildConfiguration;
			buildSettings = {
				ASSETCATALOG_COMPILER_APPICON_NAME = AppIcon;
				CODE_SIGN_STYLE = Automatic;
				DEVELOPMENT_TEAM = 9HVHM5PPH2;
				INFOPLIST_FILE = "Body Fat Calculator/Info.plist";
				LD_RUNPATH_SEARCH_PATHS = (
					"$(inherited)",
					"@executable_path/Frameworks",
				);
				PRODUCT_BUNDLE_IDENTIFIER = "TestExamples.Body-Fat-Calculator";
				PRODUCT_NAME = "$(TARGET_NAME)";
				SWIFT_VERSION = 5.0;
				TARGETED_DEVICE_FAMILY = "1,2";
			};
			name = Debug;
		};
		065ED88A22BB585100C65D0D /* Release */ = {
			isa = XCBuildConfiguration;
			buildSettings = {
				ASSETCATALOG_COMPILER_APPICON_NAME = AppIcon;
				CODE_SIGN_STYLE = Automatic;
				DEVELOPMENT_TEAM = 9HVHM5PPH2;
				INFOPLIST_FILE = "Body Fat Calculator/Info.plist";
				LD_RUNPATH_SEARCH_PATHS = (
					"$(inherited)",
					"@executable_path/Frameworks",
				);
				PRODUCT_BUNDLE_IDENTIFIER = "TestExamples.Body-Fat-Calculator";
				PRODUCT_NAME = "$(TARGET_NAME)";
				SWIFT_VERSION = 5.0;
				TARGETED_DEVICE_FAMILY = "1,2";
			};
			name = Release;
		};
/* End XCBuildConfiguration section */

/* Begin XCConfigurationList section */
		065ED87122BB583B00C65D0D /* Build configuration list for PBXProject "Body Fat Calculator" */ = {
			isa = XCConfigurationList;
			buildConfigurations = (
				065ED88622BB585100C65D0D /* Debug */,
				065ED88722BB585100C65D0D /* Release */,
			);
			defaultConfigurationIsVisible = 0;
			defaultConfigurationName = Release;
		};
		065ED88822BB585100C65D0D /* Build configuration list for PBXNativeTarget "Body Fat Calculator" */ = {
			isa = XCConfigurationList;
			buildConfigurations = (
				065ED88922BB585100C65D0D /* Debug */,
				065ED88A22BB585100C65D0D /* Release */,
			);
			defaultConfigurationIsVisible = 0;
			defaultConfigurationName = Release;
		};
/* End XCConfigurationList section */
	};
	rootObject = 065ED86E22BB583B00C65D0D /* Project object */;
}
